// !$*UTF8*$!
{ "archiveVersion" = 1; "classes" = {  }; "objectVersion" = 56; "objects" = { "FEDA66EEE66264CF52DCFEEC" = { "isa" = "PBXFileReference"; "lastKnownFileType" = "sourcecode.swift"; "path" = "CuentivaApp.swift"; "sourceTree" = "<group>"; }; "DD3DADD05BB5902B94987962" = { "isa" = "PBXBuildFile"; "fileRef" = "FEDA66EEE66264CF52DCFEEC"; }; "E5A68C6ACC2C1610F3647BC5" = { "isa" = "PBXFileReference"; "lastKnownFileType" = "sourcecode.swift"; "path" = "AppColourTheme.swift"; "sourceTree" = "<group>"; }; "1887BE5BF09CDC02E753642C" = { "isa" = "PBXBuildFile"; "fileRef" = "E5A68C6ACC2C1610F3647BC5"; }; "2B70827F8DD01F1410EC5834" = { "isa" = "PBXGroup"; "children" = ("E5A68C6ACC2C1610F3647BC5",); "path" = "Theme"; "sourceTree" = "<group>"; }; "086B23D461E8851C30FA2B85" = { "isa" = "PBXFileReference"; "lastKnownFileType" = "sourcecode.swift"; "path" = "CompletedView.swift"; "sourceTree" = "<group>"; }; "B4AA3D3ECDB7E172EC8398F0" = { "isa" = "PBXBuildFile"; "fileRef" = "086B23D461E8851C30FA2B85"; }; "DD3A948B8C943C65605BBD56" = { "isa" = "PBXFileReference"; "lastKnownFileType" = "sourcecode.swift"; "path" = "CompletedViewModel.swift"; "sourceTree" = "<group>"; }; "CAEE9D7E60E036798C4EDDE6" = { "isa" = "PBXBuildFile"; "fileRef" = "DD3A948B8C943C65605BBD56"; }; "944580C54A67759EC45ADA89" = { "isa" = "PBXGroup"; "children" = ("086B23D461E8851C30FA2B85", "DD3A948B8C943C65605BBD56",); "path" = "Completed"; "sourceTree" = "<group>"; }; "423D38BB630D5933148F295C" = { "isa" = "PBXFileReference"; "lastKnownFileType" = "sourcecode.swift"; "path" = "CompletionView.swift"; "sourceTree" = "<group>"; }; "044E6D5FCEBFE0CB144DFB21" = { "isa" = "PBXBuildFile"; "fileRef" = "423D38BB630D5933148F295C"; }; "35E7B75DAB39B70D3268AFB1" = { "isa" = "PBXFileReference"; "lastKnownFileType" = "sourcecode.swift"; "path" = "CompletionViewModel.swift"; "sourceTree" = "<group>"; }; "1340C8B27FD40913FFDE428D" = { "isa" = "PBXBuildFile"; "fileRef" = "35E7B75DAB39B70D3268AFB1"; }; "887FD7E2DF404F2F32DC2D0F" = { "isa" = "PBXGroup"; "children" = ("423D38BB630D5933148F295C", "35E7B75DAB39B70D3268AFB1",); "path" = "Completion"; "sourceTree" = "<group>"; }; "5329B87740778AE2D04BB357" = { "isa" = "PBXFileReference"; "lastKnownFileType" = "sourcecode.swift"; "path" = "BookCover.swift"; "sourceTree" = "<group>"; }; "D6E0B5188572D9C864545816" = { "isa" = "PBXBuildFile"; "fileRef" = "5329B87740778AE2D04BB357"; }; "5846139E38AEBE7E6A204CE0" = { "isa" = "PBXGroup"; "children" = ("5329B87740778AE2D04BB357",); "path" = "Components"; "sourceTree" = "<group>"; }; "A5718B5E566B9BACA6298699" = { "isa" = "PBXFileReference"; "lastKnownFileType" = "sourcecode.swift"; "path" = "ContributionView.swift"; "sourceTree" = "<group>"; }; "1F7273D7942468E499D57A9E" = { "isa" = "PBXBuildFile"; "fileRef" = "A5718B5E566B9BACA6298699"; }; "744AA1BA99330FB55DFA83DC" = { "isa" = "PBXFileReference"; "lastKnownFileType" = "sourcecode.swift"; "path" = "ContributionViewModel.swift"; "sourceTree" = "<group>"; }; "B40DAA6DA6BB47EB538370AA" = { "isa" = "PBXBuildFile"; "fileRef" = "744AA1BA99330FB55DFA83DC"; }; "7EABD88A97D24405A384868E" = { "isa" = "PBXGroup"; "children" = ("A5718B5E566B9BACA6298699", "744AA1BA99330FB55DFA83DC",); "path" = "Contribution"; "sourceTree" = "<group>"; }; "E2DEB3433C4D8CD26C00907C" = { "isa" = "PBXFileReference"; "lastKnownFileType" = "sourcecode.swift"; "path" = "HomeView.swift"; "sourceTree" = "<group>"; }; "7840A82AB8F3F5593D0C6763" = { "isa" = "PBXBuildFile"; "fileRef" = "E2DEB3433C4D8CD26C00907C"; }; "0584177BD1045C9A97E03353" = { "isa" = "PBXFileReference"; "lastKnownFileType" = "sourcecode.swift"; "path" = "HomeViewModel.swift"; "sourceTree" = "<group>"; }; "B38A0F702B9FD1C6D4103978" = { "isa" = "PBXBuildFile"; "fileRef" = "0584177BD1045C9A97E03353"; }; "EC29774D6D957C27902DA421" = { "isa" = "PBXGroup"; "children" = ("E2DEB3433C4D8CD26C00907C", "0584177BD1045C9A97E03353",); "path" = "Home"; "sourceTree" = "<group>"; }; "734A659B6A2F3267B4D99EE9" = { "isa" = "PBXFileReference"; "lastKnownFileType" = "sourcecode.swift"; "path" = "LessonView.swift"; "sourceTree" = "<group>"; }; "157D28D345E8DC4D4A4E49C3" = { "isa" = "PBXBuildFile"; "fileRef" = "734A659B6A2F3267B4D99EE9"; }; "390812B685A815AEE53C1F05" = { "isa" = "PBXFileReference"; "lastKnownFileType" = "sourcecode.swift"; "path" = "LessonViewModel.swift"; "sourceTree" = "<group>"; }; "2388717427E57ED34732DED7" = { "isa" = "PBXBuildFile"; "fileRef" = "390812B685A815AEE53C1F05"; }; "61D9ABF92E3290558BE7C436" = { "isa" = "PBXGroup"; "children" = ("734A659B6A2F3267B4D99EE9", "390812B685A815AEE53C1F05",); "path" = "Lesson"; "sourceTree" = "<group>"; }; "32BE69DEDEFE4FAB7A953856" = { "isa" = "PBXFileReference"; "lastKnownFileType" = "sourcecode.swift"; "path" = "OnboardingView.swift"; "sourceTree" = "<group>"; }; "E8EDD9B19EE1F4EF5D227F92" = { "isa" = "PBXBuildFile"; "fileRef" = "32BE69DEDEFE4FAB7A953856"; }; "A199CE37A058C4F40295FF86" = { "isa" = "PBXFileReference"; "lastKnownFileType" = "sourcecode.swift"; "path" = "OnboardingViewModel.swift"; "sourceTree" = "<group>"; }; "5E658B677197724D8CCE5EED" = { "isa" = "PBXBuildFile"; "fileRef" = "A199CE37A058C4F40295FF86"; }; "5C033F6B14C19D2A3DE13C71" = { "isa" = "PBXGroup"; "children" = ("32BE69DEDEFE4FAB7A953856", "A199CE37A058C4F40295FF86",); "path" = "Onboarding"; "sourceTree" = "<group>"; }; "AFEC2F2A7E0A53F19A7A3D58" = { "isa" = "PBXFileReference"; "lastKnownFileType" = "sourcecode.swift"; "path" = "PaywallView.swift"; "sourceTree" = "<group>"; }; "6D7060F7C76602130EAF7857" = { "isa" = "PBXBuildFile"; "fileRef" = "AFEC2F2A7E0A53F19A7A3D58"; }; "D00399A4A1C9C22959122F73" = { "isa" = "PBXFileReference"; "lastKnownFileType" = "sourcecode.swift"; "path" = "PaywallViewModel.swift"; "sourceTree" = "<group>"; }; "47DB7F130067D02A233DF79F" = { "isa" = "PBXBuildFile"; "fileRef" = "D00399A4A1C9C22959122F73"; }; "AEDE0E3F4EED51CADF059F35" = { "isa" = "PBXGroup"; "children" = ("AFEC2F2A7E0A53F19A7A3D58", "D00399A4A1C9C22959122F73",); "path" = "Paywall"; "sourceTree" = "<group>"; }; "970B6A88532FC74DF12006A6" = { "isa" = "PBXFileReference"; "lastKnownFileType" = "sourcecode.swift"; "path" = "RootView.swift"; "sourceTree" = "<group>"; }; "406F4E62731E70B13D10AC5B" = { "isa" = "PBXBuildFile"; "fileRef" = "970B6A88532FC74DF12006A6"; }; "E36F801856AABF3D333719F6" = { "isa" = "PBXFileReference"; "lastKnownFileType" = "sourcecode.swift"; "path" = "RootViewModel.swift"; "sourceTree" = "<group>"; }; "B06206F2AAEC3E75C63A5F4B" = { "isa" = "PBXBuildFile"; "fileRef" = "E36F801856AABF3D333719F6"; }; "52EA809FA716955E30239F20" = { "isa" = "PBXGroup"; "children" = ("970B6A88532FC74DF12006A6", "E36F801856AABF3D333719F6",); "path" = "Root"; "sourceTree" = "<group>"; }; "B5A9EF7A4B583713A0D2027E" = { "isa" = "PBXFileReference"; "lastKnownFileType" = "sourcecode.swift"; "path" = "SettingsView.swift"; "sourceTree" = "<group>"; }; "7708F0D356BD61ACFB25AB35" = { "isa" = "PBXBuildFile"; "fileRef" = "B5A9EF7A4B583713A0D2027E"; }; "FA87BFFCFF7705C265A17640" = { "isa" = "PBXFileReference"; "lastKnownFileType" = "sourcecode.swift"; "path" = "SettingsViewModel.swift"; "sourceTree" = "<group>"; }; "EE00AB5393BBF6E216A5781F" = { "isa" = "PBXBuildFile"; "fileRef" = "FA87BFFCFF7705C265A17640"; }; "E06BDAB0E38332790CACB097" = { "isa" = "PBXGroup"; "children" = ("B5A9EF7A4B583713A0D2027E", "FA87BFFCFF7705C265A17640",); "path" = "Settings"; "sourceTree" = "<group>"; }; "4B2B51E3124ADD6F9ECBBE36" = { "isa" = "PBXGroup"; "children" = ("944580C54A67759EC45ADA89", "887FD7E2DF404F2F32DC2D0F", "5846139E38AEBE7E6A204CE0", "7EABD88A97D24405A384868E", "EC29774D6D957C27902DA421", "61D9ABF92E3290558BE7C436", "5C033F6B14C19D2A3DE13C71", "AEDE0E3F4EED51CADF059F35", "52EA809FA716955E30239F20", "E06BDAB0E38332790CACB097",); "path" = "Views"; "sourceTree" = "<group>"; }; "3DC18F69884912BC869D88BF" = { "isa" = "PBXGroup"; "children" = ("FEDA66EEE66264CF52DCFEEC", "2B70827F8DD01F1410EC5834", "4B2B51E3124ADD6F9ECBBE36",); "path" = "1 - View"; "sourceTree" = "<group>"; }; "2559F6EBC54FA9C25F7AB4E9" = { "isa" = "PBXFileReference"; "lastKnownFileType" = "sourcecode.swift"; "path" = "AppModel.swift"; "sourceTree" = "<group>"; }; "6AF2E81979D5F169C5A7711C" = { "isa" = "PBXBuildFile"; "fileRef" = "2559F6EBC54FA9C25F7AB4E9"; }; "5C52576352316C613A3C6405" = { "isa" = "PBXFileReference"; "lastKnownFileType" = "sourcecode.swift"; "path" = "AppleLessonAudio.swift"; "sourceTree" = "<group>"; }; "2D957DF119F3EFA0A7C0A52C" = { "isa" = "PBXBuildFile"; "fileRef" = "5C52576352316C613A3C6405"; }; "406F5BE2CDB8EAF297D11F5C" = { "isa" = "PBXGroup"; "children" = ("5C52576352316C613A3C6405",); "path" = "Audio"; "sourceTree" = "<group>"; }; "B1F7AEC5671E04AFD76E49B4" = { "isa" = "PBXFileReference"; "lastKnownFileType" = "sourcecode.swift"; "path" = "ContributionManager.swift"; "sourceTree" = "<group>"; }; "EF33E23D94277D86A737ABC3" = { "isa" = "PBXBuildFile"; "fileRef" = "B1F7AEC5671E04AFD76E49B4"; }; "7AFE20FCCEB0CC99CF862DE7" = { "isa" = "PBXGroup"; "children" = ("B1F7AEC5671E04AFD76E49B4",); "path" = "Contribution"; "sourceTree" = "<group>"; }; "3E19A16796FEB42A168EBAB9" = { "isa" = "PBXFileReference"; "lastKnownFileType" = "sourcecode.swift"; "path" = "LearningManager.swift"; "sourceTree" = "<group>"; }; "8159903C3550F7BEB8CFAE78" = { "isa" = "PBXBuildFile"; "fileRef" = "3E19A16796FEB42A168EBAB9"; }; "182C07F2F5B237D30D009E0D" = { "isa" = "PBXFileReference"; "lastKnownFileType" = "sourcecode.swift"; "path" = "WordComparison.swift"; "sourceTree" = "<group>"; }; "39A2C48687809D1ACD654F95" = { "isa" = "PBXBuildFile"; "fileRef" = "182C07F2F5B237D30D009E0D"; }; "4CA3989615DEDA6675795BF4" = { "isa" = "PBXGroup"; "children" = ("3E19A16796FEB42A168EBAB9", "182C07F2F5B237D30D009E0D",); "path" = "Learning"; "sourceTree" = "<group>"; }; "2E1066F75715080804DE5803" = { "isa" = "PBXFileReference"; "lastKnownFileType" = "sourcecode.swift"; "path" = "Book.swift"; "sourceTree" = "<group>"; }; "4613CD7B99440B73F9C72A55" = { "isa" = "PBXBuildFile"; "fileRef" = "2E1066F75715080804DE5803"; }; "D31254E899EA311873CC5591" = { "isa" = "PBXFileReference"; "lastKnownFileType" = "sourcecode.swift"; "path" = "LibraryManager.swift"; "sourceTree" = "<group>"; }; "C4DC2CA1A5A213FB548AA23B" = { "isa" = "PBXBuildFile"; "fileRef" = "D31254E899EA311873CC5591"; }; "F1B8304417E39AB52C7C9D63" = { "isa" = "PBXGroup"; "children" = ("2E1066F75715080804DE5803", "D31254E899EA311873CC5591",); "path" = "Library"; "sourceTree" = "<group>"; }; "B5DA4638FF9F9A10560C6EFD" = { "isa" = "PBXFileReference"; "lastKnownFileType" = "sourcecode.swift"; "path" = "LearnerProgress.swift"; "sourceTree" = "<group>"; }; "A59FEF3F80B294E1CDCDC1BC" = { "isa" = "PBXBuildFile"; "fileRef" = "B5DA4638FF9F9A10560C6EFD"; }; "18799BC49755CA6C411C5E56" = { "isa" = "PBXFileReference"; "lastKnownFileType" = "sourcecode.swift"; "path" = "ProgressManager.swift"; "sourceTree" = "<group>"; }; "26F2D6B7180D656CF49983A5" = { "isa" = "PBXBuildFile"; "fileRef" = "18799BC49755CA6C411C5E56"; }; "866354D63FF93AF1724C75FF" = { "isa" = "PBXGroup"; "children" = ("B5DA4638FF9F9A10560C6EFD", "18799BC49755CA6C411C5E56",); "path" = "Progress"; "sourceTree" = "<group>"; }; "D69E80372C9970B5698437AD" = { "isa" = "PBXFileReference"; "lastKnownFileType" = "sourcecode.swift"; "path" = "PurchaseManager.swift"; "sourceTree" = "<group>"; }; "8C6E39A0F9E56CD1EC9257EB" = { "isa" = "PBXBuildFile"; "fileRef" = "D69E80372C9970B5698437AD"; }; "3B80772A92DBE3C746B417BD" = { "isa" = "PBXGroup"; "children" = ("D69E80372C9970B5698437AD",); "path" = "Purchases"; "sourceTree" = "<group>"; }; "9B254395DB032E225F4754C5" = { "isa" = "PBXGroup"; "children" = ("406F5BE2CDB8EAF297D11F5C", "7AFE20FCCEB0CC99CF862DE7", "4CA3989615DEDA6675795BF4", "F1B8304417E39AB52C7C9D63", "866354D63FF93AF1724C75FF", "3B80772A92DBE3C746B417BD",); "path" = "Features"; "sourceTree" = "<group>"; }; "E50A39939B0BCA7590A7DD9D" = { "isa" = "PBXFileReference"; "lastKnownFileType" = "sourcecode.swift"; "path" = "LocalRepositories.swift"; "sourceTree" = "<group>"; }; "7FB2A48C3670368EDF696698" = { "isa" = "PBXBuildFile"; "fileRef" = "E50A39939B0BCA7590A7DD9D"; }; "B310CBD0E45EBC1B730B579C" = { "isa" = "PBXGroup"; "children" = ("E50A39939B0BCA7590A7DD9D",); "path" = "Local"; "sourceTree" = "<group>"; }; "106F8ADA973BDE6248BF4D42" = { "isa" = "PBXFileReference"; "lastKnownFileType" = "sourcecode.swift"; "path" = "Repositories.swift"; "sourceTree" = "<group>"; }; "34FA297A5B5140CA6062F309" = { "isa" = "PBXBuildFile"; "fileRef" = "106F8ADA973BDE6248BF4D42"; }; "6B7D39D4036378B051155341" = { "isa" = "PBXGroup"; "children" = ("106F8ADA973BDE6248BF4D42",); "path" = "Protocols"; "sourceTree" = "<group>"; }; "DE4EACA2E863DB5C048CEA1A" = { "isa" = "PBXGroup"; "children" = ("B310CBD0E45EBC1B730B579C", "6B7D39D4036378B051155341",); "path" = "User Data Storage"; "sourceTree" = "<group>"; }; "BDBE7AE6C2A3F552BD99F64B" = { "isa" = "PBXGroup"; "children" = ("2559F6EBC54FA9C25F7AB4E9", "9B254395DB032E225F4754C5", "DE4EACA2E863DB5C048CEA1A",); "path" = "2 - AppModel"; "sourceTree" = "<group>"; }; "432D7CF1733771C78DFAAC9E" = { "isa" = "PBXFileReference"; "lastKnownFileType" = "text.json"; "path" = "Books.json"; "sourceTree" = "<group>"; }; "255ABBB105F25A56F02B8BAF" = { "isa" = "PBXBuildFile"; "fileRef" = "432D7CF1733771C78DFAAC9E"; }; "024C09AE9C4C923058DC9B6C" = { "isa" = "PBXFileReference"; "lastKnownFileType" = "text.xml"; "path" = "PrivacyInfo.xcprivacy"; "sourceTree" = "<group>"; }; "70383857801EB3BE559F581E" = { "isa" = "PBXBuildFile"; "fileRef" = "024C09AE9C4C923058DC9B6C"; }; "40DDF4A082D6630DBD1955EC" = { "isa" = "PBXGroup"; "children" = ("432D7CF1733771C78DFAAC9E", "024C09AE9C4C923058DC9B6C",); "path" = "3 - App Resources"; "sourceTree" = "<group>"; }; "AB318DA9416FA64BB6CD5617" = { "isa" = "PBXGroup"; "children" = ("3DC18F69884912BC869D88BF", "BDBE7AE6C2A3F552BD99F64B", "40DDF4A082D6630DBD1955EC",); "path" = "Cuentiva"; "sourceTree" = "<group>"; }; "FB560BA89A69A972CFADF4CE" = { "isa" = "PBXFileReference"; "lastKnownFileType" = "sourcecode.swift"; "path" = "DomainTests.swift"; "sourceTree" = "<group>"; }; "3ECD61B76E658B462CAC1C61" = { "isa" = "PBXBuildFile"; "fileRef" = "FB560BA89A69A972CFADF4CE"; }; "2C1C1D60276D564D61F06A04" = { "isa" = "PBXFileReference"; "lastKnownFileType" = "sourcecode.swift"; "path" = "ViewModelTests.swift"; "sourceTree" = "<group>"; }; "8C532881C594DD55DD6C6C62" = { "isa" = "PBXBuildFile"; "fileRef" = "2C1C1D60276D564D61F06A04"; }; "39ADEBEA8921CDE95AD01F11" = { "isa" = "PBXGroup"; "children" = ("FB560BA89A69A972CFADF4CE", "2C1C1D60276D564D61F06A04",); "path" = "CuentivaTests"; "sourceTree" = "<group>"; }; "BE7E1D0445B8638E9F94D853" = { "isa" = "PBXFileReference"; "explicitFileType" = "wrapper.application"; "path" = "Cuentiva.app"; "sourceTree" = "BUILT_PRODUCTS_DIR"; }; "E05FCB614AB36FDEE72EE1F2" = { "isa" = "PBXFileReference"; "explicitFileType" = "wrapper.cfbundle"; "path" = "CuentivaTests.xctest"; "sourceTree" = "BUILT_PRODUCTS_DIR"; }; "FBDC4F23F93125BBEEAE800C" = { "isa" = "PBXGroup"; "children" = ("BE7E1D0445B8638E9F94D853", "E05FCB614AB36FDEE72EE1F2",); "name" = "Products"; "sourceTree" = "<group>"; }; "2721CA1AC4587BDF99F89E71" = { "isa" = "PBXFileReference"; "lastKnownFileType" = "text"; "path" = "Cuentiva.storekit"; "sourceTree" = "<group>"; }; "B28B7AF69320201D1CF206EB" = { "isa" = "PBXGroup"; "children" = ("AB318DA9416FA64BB6CD5617", "39ADEBEA8921CDE95AD01F11", "2721CA1AC4587BDF99F89E71", "FBDC4F23F93125BBEEAE800C",); "sourceTree" = "<group>"; }; "89E1FD6268CC0F221A2BE178" = { "isa" = "XCBuildConfiguration"; "buildSettings" = { "SDKROOT" = "iphoneos"; "IPHONEOS_DEPLOYMENT_TARGET" = "26.0"; "SWIFT_VERSION" = "6.0"; "CLANG_ENABLE_MODULES" = "YES"; "SWIFT_STRICT_CONCURRENCY" = "complete"; "SWIFT_OPTIMIZATION_LEVEL" = "-Onone"; "SWIFT_ACTIVE_COMPILATION_CONDITIONS" = "DEBUG"; "ENABLE_TESTABILITY" = "YES"; "DEBUG_INFORMATION_FORMAT" = "dwarf"; }; "name" = "Debug"; }; "E6DE6C99132752C914FEF632" = { "isa" = "XCBuildConfiguration"; "buildSettings" = { "SDKROOT" = "iphoneos"; "IPHONEOS_DEPLOYMENT_TARGET" = "26.0"; "SWIFT_VERSION" = "6.0"; "CLANG_ENABLE_MODULES" = "YES"; "SWIFT_STRICT_CONCURRENCY" = "complete"; "SWIFT_OPTIMIZATION_LEVEL" = "-O"; "DEBUG_INFORMATION_FORMAT" = "dwarf-with-dsym"; }; "name" = "Release"; }; "862894B703A6DEDF96A9DD6C" = { "isa" = "XCConfigurationList"; "buildConfigurations" = ("89E1FD6268CC0F221A2BE178", "E6DE6C99132752C914FEF632",); "defaultConfigurationIsVisible" = 0; "defaultConfigurationName" = "Release"; }; "1FF75C81AE4E5380C32AD715" = { "isa" = "XCBuildConfiguration"; "buildSettings" = { "PRODUCT_BUNDLE_IDENTIFIER" = "com.3DaysOfSwiftConcurrency.Cuentiva"; "PRODUCT_NAME" = "$(TARGET_NAME)"; "GENERATE_INFOPLIST_FILE" = "YES"; "INFOPLIST_KEY_CFBundleDisplayName" = "Cuentiva"; "INFOPLIST_KEY_NSMicrophoneUsageDescription" = "Practice Spanish aloud. Audio is processed on device and is not saved."; "INFOPLIST_KEY_NSSpeechRecognitionUsageDescription" = "Compare your spoken Spanish with the story sentence using on-device recognition."; "INFOPLIST_KEY_UILaunchScreen_Generation" = "YES"; "INFOPLIST_KEY_UIApplicationSceneManifest_Generation" = "YES"; "INFOPLIST_KEY_UISupportedInterfaceOrientations" = "UIInterfaceOrientationPortrait UIInterfaceOrientationLandscapeLeft UIInterfaceOrientationLandscapeRight"; "TARGETED_DEVICE_FAMILY" = "1,2"; "CODE_SIGN_STYLE" = "Automatic"; "MARKETING_VERSION" = "0.1"; "CURRENT_PROJECT_VERSION" = "1"; "LD_RUNPATH_SEARCH_PATHS" = "$(inherited) @executable_path/Frameworks"; "SWIFT_OPTIMIZATION_LEVEL" = "-Onone"; "SWIFT_ACTIVE_COMPILATION_CONDITIONS" = "DEBUG"; "ENABLE_TESTABILITY" = "YES"; "DEBUG_INFORMATION_FORMAT" = "dwarf"; }; "name" = "Debug"; }; "180073E370966163BFFC2B65" = { "isa" = "XCBuildConfiguration"; "buildSettings" = { "PRODUCT_BUNDLE_IDENTIFIER" = "com.3DaysOfSwiftConcurrency.Cuentiva"; "PRODUCT_NAME" = "$(TARGET_NAME)"; "GENERATE_INFOPLIST_FILE" = "YES"; "INFOPLIST_KEY_CFBundleDisplayName" = "Cuentiva"; "INFOPLIST_KEY_NSMicrophoneUsageDescription" = "Practice Spanish aloud. Audio is processed on device and is not saved."; "INFOPLIST_KEY_NSSpeechRecognitionUsageDescription" = "Compare your spoken Spanish with the story sentence using on-device recognition."; "INFOPLIST_KEY_UILaunchScreen_Generation" = "YES"; "INFOPLIST_KEY_UIApplicationSceneManifest_Generation" = "YES"; "INFOPLIST_KEY_UISupportedInterfaceOrientations" = "UIInterfaceOrientationPortrait UIInterfaceOrientationLandscapeLeft UIInterfaceOrientationLandscapeRight"; "TARGETED_DEVICE_FAMILY" = "1,2"; "CODE_SIGN_STYLE" = "Automatic"; "MARKETING_VERSION" = "0.1"; "CURRENT_PROJECT_VERSION" = "1"; "LD_RUNPATH_SEARCH_PATHS" = "$(inherited) @executable_path/Frameworks"; "SWIFT_OPTIMIZATION_LEVEL" = "-O"; "DEBUG_INFORMATION_FORMAT" = "dwarf-with-dsym"; }; "name" = "Release"; }; "10F22E9B1C74CB19D5242D9B" = { "isa" = "XCConfigurationList"; "buildConfigurations" = ("1FF75C81AE4E5380C32AD715", "180073E370966163BFFC2B65",); "defaultConfigurationIsVisible" = 0; "defaultConfigurationName" = "Release"; }; "0F3D67935A4F199E058A017A" = { "isa" = "XCBuildConfiguration"; "buildSettings" = { "PRODUCT_BUNDLE_IDENTIFIER" = "com.3DaysOfSwiftConcurrency.Cuentiva.CuentivaTests"; "PRODUCT_NAME" = "$(TARGET_NAME)"; "GENERATE_INFOPLIST_FILE" = "YES"; "TEST_HOST" = "$(BUILT_PRODUCTS_DIR)/Cuentiva.app/$(BUNDLE_EXECUTABLE_FOLDER_PATH)/Cuentiva"; "BUNDLE_LOADER" = "$(TEST_HOST)"; "TARGETED_DEVICE_FAMILY" = "1,2"; "CODE_SIGN_STYLE" = "Automatic"; "SWIFT_OPTIMIZATION_LEVEL" = "-Onone"; "SWIFT_ACTIVE_COMPILATION_CONDITIONS" = "DEBUG"; "ENABLE_TESTABILITY" = "YES"; "DEBUG_INFORMATION_FORMAT" = "dwarf"; }; "name" = "Debug"; }; "20B70E15FDC36C625E57F658" = { "isa" = "XCBuildConfiguration"; "buildSettings" = { "PRODUCT_BUNDLE_IDENTIFIER" = "com.3DaysOfSwiftConcurrency.Cuentiva.CuentivaTests"; "PRODUCT_NAME" = "$(TARGET_NAME)"; "GENERATE_INFOPLIST_FILE" = "YES"; "TEST_HOST" = "$(BUILT_PRODUCTS_DIR)/Cuentiva.app/$(BUNDLE_EXECUTABLE_FOLDER_PATH)/Cuentiva"; "BUNDLE_LOADER" = "$(TEST_HOST)"; "TARGETED_DEVICE_FAMILY" = "1,2"; "CODE_SIGN_STYLE" = "Automatic"; "SWIFT_OPTIMIZATION_LEVEL" = "-O"; "DEBUG_INFORMATION_FORMAT" = "dwarf-with-dsym"; }; "name" = "Release"; }; "61AF5D6BEA2D148C6F2833BF" = { "isa" = "XCConfigurationList"; "buildConfigurations" = ("0F3D67935A4F199E058A017A", "20B70E15FDC36C625E57F658",); "defaultConfigurationIsVisible" = 0; "defaultConfigurationName" = "Release"; }; "BCE16DD0260827ECF338C787" = { "isa" = "PBXSourcesBuildPhase"; "buildActionMask" = 2147483647; "files" = ("DD3DADD05BB5902B94987962", "1887BE5BF09CDC02E753642C", "B4AA3D3ECDB7E172EC8398F0", "CAEE9D7E60E036798C4EDDE6", "044E6D5FCEBFE0CB144DFB21", "1340C8B27FD40913FFDE428D", "D6E0B5188572D9C864545816", "1F7273D7942468E499D57A9E", "B40DAA6DA6BB47EB538370AA", "7840A82AB8F3F5593D0C6763", "B38A0F702B9FD1C6D4103978", "157D28D345E8DC4D4A4E49C3", "2388717427E57ED34732DED7", "E8EDD9B19EE1F4EF5D227F92", "5E658B677197724D8CCE5EED", "6D7060F7C76602130EAF7857", "47DB7F130067D02A233DF79F", "406F4E62731E70B13D10AC5B", "B06206F2AAEC3E75C63A5F4B", "7708F0D356BD61ACFB25AB35", "EE00AB5393BBF6E216A5781F", "6AF2E81979D5F169C5A7711C", "2D957DF119F3EFA0A7C0A52C", "EF33E23D94277D86A737ABC3", "8159903C3550F7BEB8CFAE78", "39A2C48687809D1ACD654F95", "4613CD7B99440B73F9C72A55", "C4DC2CA1A5A213FB548AA23B", "A59FEF3F80B294E1CDCDC1BC", "26F2D6B7180D656CF49983A5", "8C6E39A0F9E56CD1EC9257EB", "7FB2A48C3670368EDF696698", "34FA297A5B5140CA6062F309",); "runOnlyForDeploymentPostprocessing" = 0; }; "0189424A5A60FED329FA868E" = { "isa" = "PBXResourcesBuildPhase"; "buildActionMask" = 2147483647; "files" = ("255ABBB105F25A56F02B8BAF", "70383857801EB3BE559F581E",); "runOnlyForDeploymentPostprocessing" = 0; }; "7561BFB015D8F536760CB671" = { "isa" = "PBXFrameworksBuildPhase"; "buildActionMask" = 2147483647; "files" = (); "runOnlyForDeploymentPostprocessing" = 0; }; "C13732C8E715C9BEE4FA51C9" = { "isa" = "PBXNativeTarget"; "buildConfigurationList" = "10F22E9B1C74CB19D5242D9B"; "buildPhases" = ("BCE16DD0260827ECF338C787", "0189424A5A60FED329FA868E", "7561BFB015D8F536760CB671",); "buildRules" = (); "dependencies" = (); "name" = "Cuentiva"; "productName" = "Cuentiva"; "productReference" = "BE7E1D0445B8638E9F94D853"; "productType" = "com.apple.product-type.application"; }; "D799BAE6088A90139B415FCC" = { "isa" = "PBXContainerItemProxy"; "containerPortal" = "98F54143AB4E86B28C3AFEE0"; "proxyType" = 1; "remoteGlobalIDString" = "C13732C8E715C9BEE4FA51C9"; "remoteInfo" = "Cuentiva"; }; "DE58E2B17C19600779694943" = { "isa" = "PBXTargetDependency"; "target" = "C13732C8E715C9BEE4FA51C9"; "targetProxy" = "D799BAE6088A90139B415FCC"; }; "6E431EB0650617AA1756B320" = { "isa" = "PBXSourcesBuildPhase"; "buildActionMask" = 2147483647; "files" = ("3ECD61B76E658B462CAC1C61", "8C532881C594DD55DD6C6C62",); "runOnlyForDeploymentPostprocessing" = 0; }; "1ABF84E55BD30AC2CEF8FC42" = { "isa" = "PBXFrameworksBuildPhase"; "buildActionMask" = 2147483647; "files" = (); "runOnlyForDeploymentPostprocessing" = 0; }; "64BCB755386F844C96A2A5B0" = { "isa" = "PBXNativeTarget"; "buildConfigurationList" = "61AF5D6BEA2D148C6F2833BF"; "buildPhases" = ("6E431EB0650617AA1756B320", "1ABF84E55BD30AC2CEF8FC42",); "buildRules" = (); "dependencies" = ("DE58E2B17C19600779694943",); "name" = "CuentivaTests"; "productName" = "CuentivaTests"; "productReference" = "E05FCB614AB36FDEE72EE1F2"; "productType" = "com.apple.product-type.bundle.unit-test"; }; "98F54143AB4E86B28C3AFEE0" = { "isa" = "PBXProject"; "attributes" = { "LastUpgradeCheck" = "2620"; "BuildIndependentTargetsInParallel" = "YES"; "TargetAttributes" = { "C13732C8E715C9BEE4FA51C9" = { "CreatedOnToolsVersion" = "26.2"; }; "64BCB755386F844C96A2A5B0" = { "CreatedOnToolsVersion" = "26.2"; "TestTargetID" = "C13732C8E715C9BEE4FA51C9"; }; }; }; "buildConfigurationList" = "862894B703A6DEDF96A9DD6C"; "compatibilityVersion" = "Xcode 14.0"; "developmentRegion" = "en"; "hasScannedForEncodings" = 0; "knownRegions" = ("en", "es", "Base",); "mainGroup" = "B28B7AF69320201D1CF206EB"; "productRefGroup" = "FBDC4F23F93125BBEEAE800C"; "projectDirPath" = ""; "projectRoot" = ""; "targets" = ("C13732C8E715C9BEE4FA51C9", "64BCB755386F844C96A2A5B0",); }; }; "rootObject" = "98F54143AB4E86B28C3AFEE0"; }