// !$*UTF8*$!
{ "classes" = {  }; "objectVersion" = "56"; "archiveVersion" = "1"; "objects" = { "255ABBB105F25A56F02B8BAF" = { "isa" = "PBXBuildFile"; "fileRef" = "432D7CF1733771C78DFAAC9E"; }; "52EA809FA716955E30239F20" = { "path" = "Root"; "isa" = "PBXGroup"; "children" = ("970B6A88532FC74DF12006A6", "E36F801856AABF3D333719F6",); "sourceTree" = "<group>"; }; "AEDE0E3F4EED51CADF059F35" = { "path" = "Paywall"; "isa" = "PBXGroup"; "children" = ("AFEC2F2A7E0A53F19A7A3D58", "D00399A4A1C9C22959122F73",); "sourceTree" = "<group>"; }; "E06BDAB0E38332790CACB097" = { "path" = "Settings"; "isa" = "PBXGroup"; "children" = ("B5A9EF7A4B583713A0D2027E", "FA87BFFCFF7705C265A17640",); "sourceTree" = "<group>"; }; "9B254395DB032E225F4754C5" = { "path" = "Features"; "isa" = "PBXGroup"; "children" = ("406F5BE2CDB8EAF297D11F5C", "7AFE20FCCEB0CC99CF862DE7", "4CA3989615DEDA6675795BF4", "F1B8304417E39AB52C7C9D63", "866354D63FF93AF1724C75FF", "3B80772A92DBE3C746B417BD", "710F298B72903C06E9ECD1A3", "9D1E69965F872B161C9D2A2E",); "sourceTree" = "<group>"; }; "470A3E66D32B4677134800B8" = { "path" = "BookReader"; "isa" = "PBXGroup"; "children" = ("4087CE5A5FE98D91E7F1CD1E", "51D9151D403DB2AEEFB34C3D", "FAE881B82542A25F44392FE3", "7A12102DC4C66B23219F4943",); "sourceTree" = "<group>"; }; "FB560BA89A69A972CFADF4CE" = { "path" = "DomainTests.swift"; "isa" = "PBXFileReference"; "lastKnownFileType" = "sourcecode.swift"; "sourceTree" = "<group>"; }; "970B6A88532FC74DF12006A6" = { "path" = "RootView.swift"; "isa" = "PBXFileReference"; "lastKnownFileType" = "sourcecode.swift"; "sourceTree" = "<group>"; }; "FBDC4F23F93125BBEEAE800C" = { "isa" = "PBXGroup"; "name" = "Products"; "children" = ("BE7E1D0445B8638E9F94D853", "E05FCB614AB36FDEE72EE1F2",); "sourceTree" = "<group>"; }; "D6E0B5188572D9C864545816" = { "isa" = "PBXBuildFile"; "fileRef" = "5329B87740778AE2D04BB357"; }; "180073E370966163BFFC2B65" = { "isa" = "XCBuildConfiguration"; "buildSettings" = { "LD_RUNPATH_SEARCH_PATHS" = ("$(inherited)", "@executable_path/Frameworks",); "DEBUG_INFORMATION_FORMAT" = "dwarf-with-dsym"; "DEVELOPMENT_TEAM" = "LW4V9MRNCX"; "MARKETING_VERSION" = "0.1"; "TARGETED_DEVICE_FAMILY" = "1,2"; "INFOPLIST_KEY_UISupportedInterfaceOrientations" = "UIInterfaceOrientationPortrait UIInterfaceOrientationLandscapeLeft UIInterfaceOrientationLandscapeRight"; "INFOPLIST_KEY_NSLocationWhenInUseUsageDescription" = "Find stories submitted nearby, or attach your current place to a story after you confirm. Your browsing location is not saved."; "INFOPLIST_KEY_NSSpeechRecognitionUsageDescription" = "Compare your spoken Spanish with the story sentence using on-device recognition."; "GENERATE_INFOPLIST_FILE" = "YES"; "INFOPLIST_KEY_UILaunchScreen_Generation" = "YES"; "SWIFT_OPTIMIZATION_LEVEL" = "-O"; "INFOPLIST_KEY_CFBundleDisplayName" = "Cuentiva"; "INFOPLIST_KEY_NSMicrophoneUsageDescription" = "Practice Spanish aloud. Audio is processed on device and is not saved."; "CODE_SIGN_STYLE" = "Automatic"; "ASSETCATALOG_COMPILER_APPICON_NAME" = "AppIcon"; "PRODUCT_NAME" = "$(TARGET_NAME)"; "INFOPLIST_KEY_UIApplicationSceneManifest_Generation" = "YES"; "CURRENT_PROJECT_VERSION" = "1"; "PRODUCT_BUNDLE_IDENTIFIER" = "com.3DaysOfSwiftConcurrency.Cuentiva"; }; "name" = "Release"; }; "B5DA4638FF9F9A10560C6EFD" = { "path" = "LearnerProgress.swift"; "isa" = "PBXFileReference"; "lastKnownFileType" = "sourcecode.swift"; "sourceTree" = "<group>"; }; "944580C54A67759EC45ADA89" = { "path" = "Completed"; "isa" = "PBXGroup"; "children" = ("086B23D461E8851C30FA2B85", "DD3A948B8C943C65605BBD56",); "sourceTree" = "<group>"; }; "6AF2E81979D5F169C5A7711C" = { "isa" = "PBXBuildFile"; "fileRef" = "2559F6EBC54FA9C25F7AB4E9"; }; "3ECD61B76E658B462CAC1C61" = { "isa" = "PBXBuildFile"; "fileRef" = "FB560BA89A69A972CFADF4CE"; }; "BDBE7AE6C2A3F552BD99F64B" = { "path" = "2 - AppModel"; "isa" = "PBXGroup"; "children" = ("2559F6EBC54FA9C25F7AB4E9", "9B254395DB032E225F4754C5", "DE4EACA2E863DB5C048CEA1A",); "sourceTree" = "<group>"; }; "E50A39939B0BCA7590A7DD9D" = { "path" = "LocalRepositories.swift"; "isa" = "PBXFileReference"; "lastKnownFileType" = "sourcecode.swift"; "sourceTree" = "<group>"; }; "B310CBD0E45EBC1B730B579C" = { "path" = "Local"; "isa" = "PBXGroup"; "children" = ("E50A39939B0BCA7590A7DD9D", "AA17D92A9DE96BC97669730A",); "sourceTree" = "<group>"; }; "8EB11E39034E832137CB74D6" = { "path" = "NearbyView.swift"; "isa" = "PBXFileReference"; "lastKnownFileType" = "sourcecode.swift"; "sourceTree" = "<group>"; }; "4087CE5A5FE98D91E7F1CD1E" = { "path" = "BookReaderView.swift"; "isa" = "PBXFileReference"; "lastKnownFileType" = "sourcecode.swift"; "sourceTree" = "<group>"; }; "E5A68C6ACC2C1610F3647BC5" = { "path" = "AppColourTheme.swift"; "isa" = "PBXFileReference"; "lastKnownFileType" = "sourcecode.swift"; "sourceTree" = "<group>"; }; "3E19A16796FEB42A168EBAB9" = { "path" = "LearningManager.swift"; "isa" = "PBXFileReference"; "lastKnownFileType" = "sourcecode.swift"; "sourceTree" = "<group>"; }; "423D38BB630D5933148F295C" = { "path" = "CompletionView.swift"; "isa" = "PBXFileReference"; "lastKnownFileType" = "sourcecode.swift"; "sourceTree" = "<group>"; }; "B2EB2B22882AF0FBE5C681B3" = { "isa" = "PBXBuildFile"; "fileRef" = "5FD40CD303F0DD40EEC13232"; }; "D835A7AAAA24016ACAAA271E" = { "path" = "Assets.xcassets"; "isa" = "PBXFileReference"; "lastKnownFileType" = "folder.assetcatalog"; "sourceTree" = "<group>"; }; "105F3C78826CA7B560E384A2" = { "isa" = "PBXBuildFile"; "fileRef" = "395D9719D8F1C59D2158B63A"; }; "8725944FE9A48791FC8A1B02" = { "path" = "NearbyManager.swift"; "isa" = "PBXFileReference"; "lastKnownFileType" = "sourcecode.swift"; "sourceTree" = "<group>"; }; "20B70E15FDC36C625E57F658" = { "isa" = "XCBuildConfiguration"; "buildSettings" = { "GENERATE_INFOPLIST_FILE" = "YES"; "DEBUG_INFORMATION_FORMAT" = "dwarf-with-dsym"; "TEST_HOST" = "$(BUILT_PRODUCTS_DIR)/Cuentiva.app/$(BUNDLE_EXECUTABLE_FOLDER_PATH)/Cuentiva"; "PRODUCT_BUNDLE_IDENTIFIER" = "com.3DaysOfSwiftConcurrency.Cuentiva.CuentivaTests"; "CODE_SIGN_STYLE" = "Automatic"; "SWIFT_OPTIMIZATION_LEVEL" = "-O"; "BUNDLE_LOADER" = "$(TEST_HOST)"; "PRODUCT_NAME" = "$(TARGET_NAME)"; "TARGETED_DEVICE_FAMILY" = "1,2"; }; "name" = "Release"; }; "D69E80372C9970B5698437AD" = { "path" = "PurchaseManager.swift"; "isa" = "PBXFileReference"; "lastKnownFileType" = "sourcecode.swift"; "sourceTree" = "<group>"; }; "2559F6EBC54FA9C25F7AB4E9" = { "path" = "AppModel.swift"; "isa" = "PBXFileReference"; "lastKnownFileType" = "sourcecode.swift"; "sourceTree" = "<group>"; }; "C4DC2CA1A5A213FB548AA23B" = { "isa" = "PBXBuildFile"; "fileRef" = "D31254E899EA311873CC5591"; }; "4CA3989615DEDA6675795BF4" = { "path" = "Learning"; "isa" = "PBXGroup"; "children" = ("3E19A16796FEB42A168EBAB9", "182C07F2F5B237D30D009E0D",); "sourceTree" = "<group>"; }; "086B23D461E8851C30FA2B85" = { "path" = "CompletedView.swift"; "isa" = "PBXFileReference"; "lastKnownFileType" = "sourcecode.swift"; "sourceTree" = "<group>"; }; "EE00AB5393BBF6E216A5781F" = { "isa" = "PBXBuildFile"; "fileRef" = "FA87BFFCFF7705C265A17640"; }; "866354D63FF93AF1724C75FF" = { "path" = "Progress"; "isa" = "PBXGroup"; "children" = ("B5DA4638FF9F9A10560C6EFD", "18799BC49755CA6C411C5E56",); "sourceTree" = "<group>"; }; "0CD5AE98F9FE3CAAEEB93DCD" = { "path" = "StoryLocation.swift"; "isa" = "PBXFileReference"; "lastKnownFileType" = "sourcecode.swift"; "sourceTree" = "<group>"; }; "BCE16DD0260827ECF338C787" = { "isa" = "PBXSourcesBuildPhase"; "buildActionMask" = "2147483647"; "files" = ("DD3DADD05BB5902B94987962", "1887BE5BF09CDC02E753642C", "B4AA3D3ECDB7E172EC8398F0", "CAEE9D7E60E036798C4EDDE6", "044E6D5FCEBFE0CB144DFB21", "1340C8B27FD40913FFDE428D", "D6E0B5188572D9C864545816", "1F7273D7942468E499D57A9E", "B40DAA6DA6BB47EB538370AA", "7840A82AB8F3F5593D0C6763", "B38A0F702B9FD1C6D4103978", "157D28D345E8DC4D4A4E49C3", "2388717427E57ED34732DED7", "E8EDD9B19EE1F4EF5D227F92", "5E658B677197724D8CCE5EED", "6D7060F7C76602130EAF7857", "47DB7F130067D02A233DF79F", "406F4E62731E70B13D10AC5B", "B06206F2AAEC3E75C63A5F4B", "7708F0D356BD61ACFB25AB35", "EE00AB5393BBF6E216A5781F", "6AF2E81979D5F169C5A7711C", "2D957DF119F3EFA0A7C0A52C", "EF33E23D94277D86A737ABC3", "8159903C3550F7BEB8CFAE78", "39A2C48687809D1ACD654F95", "4613CD7B99440B73F9C72A55", "C4DC2CA1A5A213FB548AA23B", "A59FEF3F80B294E1CDCDC1BC", "26F2D6B7180D656CF49983A5", "8C6E39A0F9E56CD1EC9257EB", "7FB2A48C3670368EDF696698", "34FA297A5B5140CA6062F309", "B232E68070B9D87F8499AA2C", "105F3C78826CA7B560E384A2", "B2EB2B22882AF0FBE5C681B3", "01BB140433D274579B0E934D", "C80F50B40A63029D8EDA07F4", "F45D8BA38B13E2873ABB4F6E", "A58184BF54F28F1DABEA99A1", "2E56226E6108F045C5DDCC6D", "79A9103969021DFE95FEAC98", "FBF0B8705DC9367B4E818CA9", "F8515861B90246DCFA60FDFA", "F4A4329B68AD3931F126A10F", "C2523FE80F9F838FCC7B3B58", "D07676E83F9C09C5258C263C", "8C98D6EF87D47BE061AD3FCF", "6356D197076FB0D8498FBA0C", "57B8BE1D0F0572B9A119D376", "BF44AE2359B315C9E3E24D42", "930AF3144A20C5F245202519", "70B60559C4F02D647DB559CA", "60C72F95CEC2878AE157EDB7", "2B6F16D0EDD44BE054C8C750",); "runOnlyForDeploymentPostprocessing" = "0"; }; "1340C8B27FD40913FFDE428D" = { "isa" = "PBXBuildFile"; "fileRef" = "35E7B75DAB39B70D3268AFB1"; }; "B40DAA6DA6BB47EB538370AA" = { "isa" = "PBXBuildFile"; "fileRef" = "744AA1BA99330FB55DFA83DC"; }; "1CDBF884464D4E4FC82E1BB3" = { "path" = "AppleStoryLocationProvider.swift"; "isa" = "PBXFileReference"; "lastKnownFileType" = "sourcecode.swift"; "sourceTree" = "<group>"; }; "2E56226E6108F045C5DDCC6D" = { "isa" = "PBXBuildFile"; "fileRef" = "51D9151D403DB2AEEFB34C3D"; }; "B28B7AF69320201D1CF206EB" = { "isa" = "PBXGroup"; "sourceTree" = "<group>"; "children" = ("AB318DA9416FA64BB6CD5617", "39ADEBEA8921CDE95AD01F11", "FBDC4F23F93125BBEEAE800C",); }; "AFEC2F2A7E0A53F19A7A3D58" = { "path" = "PaywallView.swift"; "isa" = "PBXFileReference"; "lastKnownFileType" = "sourcecode.swift"; "sourceTree" = "<group>"; }; "6356D197076FB0D8498FBA0C" = { "isa" = "PBXBuildFile"; "fileRef" = "8725944FE9A48791FC8A1B02"; }; "FEDA66EEE66264CF52DCFEEC" = { "path" = "CuentivaApp.swift"; "isa" = "PBXFileReference"; "lastKnownFileType" = "sourcecode.swift"; "sourceTree" = "<group>"; }; "3B80772A92DBE3C746B417BD" = { "path" = "Purchases"; "isa" = "PBXGroup"; "children" = ("D69E80372C9970B5698437AD",); "sourceTree" = "<group>"; }; "7561BFB015D8F536760CB671" = { "isa" = "PBXFrameworksBuildPhase"; "buildActionMask" = "2147483647"; "files" = (); "runOnlyForDeploymentPostprocessing" = "0"; }; "64BCB755386F844C96A2A5B0" = { "productType" = "com.apple.product-type.bundle.unit-test"; "productReference" = "E05FCB614AB36FDEE72EE1F2"; "buildConfigurationList" = "61AF5D6BEA2D148C6F2833BF"; "productName" = "CuentivaTests"; "isa" = "PBXNativeTarget"; "buildPhases" = ("6E431EB0650617AA1756B320", "1ABF84E55BD30AC2CEF8FC42",); "dependencies" = ("DE58E2B17C19600779694943",); "name" = "CuentivaTests"; "buildRules" = (); }; "F4A4329B68AD3931F126A10F" = { "isa" = "PBXBuildFile"; "fileRef" = "CFFE7E8DBAC7799D7EA06042"; }; "6E3AE7A6A857153549E7668E" = { "path" = "ThemeManager.swift"; "isa" = "PBXFileReference"; "lastKnownFileType" = "sourcecode.swift"; "sourceTree" = "<group>"; }; "F1B8304417E39AB52C7C9D63" = { "path" = "Library"; "isa" = "PBXGroup"; "children" = ("2E1066F75715080804DE5803", "D31254E899EA311873CC5591",); "sourceTree" = "<group>"; }; "E2DEB3433C4D8CD26C00907C" = { "path" = "HomeView.swift"; "isa" = "PBXFileReference"; "lastKnownFileType" = "sourcecode.swift"; "sourceTree" = "<group>"; }; "432D7CF1733771C78DFAAC9E" = { "path" = "Books.json"; "isa" = "PBXFileReference"; "lastKnownFileType" = "text.json"; "sourceTree" = "<group>"; }; "1FF75C81AE4E5380C32AD715" = { "isa" = "XCBuildConfiguration"; "buildSettings" = { "MARKETING_VERSION" = "0.1"; "INFOPLIST_KEY_NSLocationWhenInUseUsageDescription" = "Find stories submitted nearby, or attach your current place to a story after you confirm. Your browsing location is not saved."; "DEVELOPMENT_TEAM" = "LW4V9MRNCX"; "CURRENT_PROJECT_VERSION" = "1"; "PRODUCT_BUNDLE_IDENTIFIER" = "com.3DaysOfSwiftConcurrency.Cuentiva"; "INFOPLIST_KEY_CFBundleDisplayName" = "Cuentiva"; "INFOPLIST_KEY_UILaunchScreen_Generation" = "YES"; "SWIFT_ACTIVE_COMPILATION_CONDITIONS" = "DEBUG"; "DEBUG_INFORMATION_FORMAT" = "dwarf"; "TARGETED_DEVICE_FAMILY" = "1,2"; "CODE_SIGN_STYLE" = "Automatic"; "SWIFT_OPTIMIZATION_LEVEL" = "-Onone"; "ASSETCATALOG_COMPILER_APPICON_NAME" = "AppIcon"; "ENABLE_TESTABILITY" = "YES"; "LD_RUNPATH_SEARCH_PATHS" = ("$(inherited)", "@executable_path/Frameworks",); "PRODUCT_NAME" = "$(TARGET_NAME)"; "INFOPLIST_KEY_NSSpeechRecognitionUsageDescription" = "Compare your spoken Spanish with the story sentence using on-device recognition."; "INFOPLIST_KEY_UISupportedInterfaceOrientations" = "UIInterfaceOrientationPortrait UIInterfaceOrientationLandscapeLeft UIInterfaceOrientationLandscapeRight"; "INFOPLIST_KEY_NSMicrophoneUsageDescription" = "Practice Spanish aloud. Audio is processed on device and is not saved."; "INFOPLIST_KEY_UIApplicationSceneManifest_Generation" = "YES"; "GENERATE_INFOPLIST_FILE" = "YES"; }; "name" = "Debug"; }; "106F8ADA973BDE6248BF4D42" = { "path" = "Repositories.swift"; "isa" = "PBXFileReference"; "lastKnownFileType" = "sourcecode.swift"; "sourceTree" = "<group>"; }; "34FA297A5B5140CA6062F309" = { "isa" = "PBXBuildFile"; "fileRef" = "106F8ADA973BDE6248BF4D42"; }; "B4AA3D3ECDB7E172EC8398F0" = { "isa" = "PBXBuildFile"; "fileRef" = "086B23D461E8851C30FA2B85"; }; "A199CE37A058C4F40295FF86" = { "path" = "OnboardingViewModel.swift"; "isa" = "PBXFileReference"; "lastKnownFileType" = "sourcecode.swift"; "sourceTree" = "<group>"; }; "862894B703A6DEDF96A9DD6C" = { "isa" = "XCConfigurationList"; "defaultConfigurationIsVisible" = "0"; "defaultConfigurationName" = "Release"; "buildConfigurations" = ("89E1FD6268CC0F221A2BE178", "E6DE6C99132752C914FEF632",); }; "FBF0B8705DC9367B4E818CA9" = { "isa" = "PBXBuildFile"; "fileRef" = "7A12102DC4C66B23219F4943"; }; "47DB7F130067D02A233DF79F" = { "isa" = "PBXBuildFile"; "fileRef" = "D00399A4A1C9C22959122F73"; }; "32BE69DEDEFE4FAB7A953856" = { "path" = "OnboardingView.swift"; "isa" = "PBXFileReference"; "lastKnownFileType" = "sourcecode.swift"; "sourceTree" = "<group>"; }; "2B70827F8DD01F1410EC5834" = { "path" = "Theme"; "isa" = "PBXGroup"; "children" = ("E5A68C6ACC2C1610F3647BC5", "6E3AE7A6A857153549E7668E", "395D9719D8F1C59D2158B63A",); "sourceTree" = "<group>"; }; "8159903C3550F7BEB8CFAE78" = { "isa" = "PBXBuildFile"; "fileRef" = "3E19A16796FEB42A168EBAB9"; }; "C80F50B40A63029D8EDA07F4" = { "isa" = "PBXBuildFile"; "fileRef" = "942BE8E55C05A3BFE84346CA"; }; "35E7B75DAB39B70D3268AFB1" = { "path" = "CompletionViewModel.swift"; "isa" = "PBXFileReference"; "lastKnownFileType" = "sourcecode.swift"; "sourceTree" = "<group>"; }; "71955E4954C8E1E4614DA0AE" = { "path" = "TopicRequest.swift"; "isa" = "PBXFileReference"; "lastKnownFileType" = "sourcecode.swift"; "sourceTree" = "<group>"; }; "2E1066F75715080804DE5803" = { "path" = "Book.swift"; "isa" = "PBXFileReference"; "lastKnownFileType" = "sourcecode.swift"; "sourceTree" = "<group>"; }; "CAEE9D7E60E036798C4EDDE6" = { "isa" = "PBXBuildFile"; "fileRef" = "DD3A948B8C943C65605BBD56"; }; "18799BC49755CA6C411C5E56" = { "path" = "ProgressManager.swift"; "isa" = "PBXFileReference"; "lastKnownFileType" = "sourcecode.swift"; "sourceTree" = "<group>"; }; "395D9719D8F1C59D2158B63A" = { "path" = "PrimaryButton.swift"; "isa" = "PBXFileReference"; "lastKnownFileType" = "sourcecode.swift"; "sourceTree" = "<group>"; }; "4B2B51E3124ADD6F9ECBBE36" = { "path" = "Views"; "isa" = "PBXGroup"; "children" = ("944580C54A67759EC45ADA89", "887FD7E2DF404F2F32DC2D0F", "5846139E38AEBE7E6A204CE0", "7EABD88A97D24405A384868E", "EC29774D6D957C27902DA421", "61D9ABF92E3290558BE7C436", "5C033F6B14C19D2A3DE13C71", "AEDE0E3F4EED51CADF059F35", "52EA809FA716955E30239F20", "E06BDAB0E38332790CACB097", "470A3E66D32B4677134800B8", "9C60D08073363F26AEA12AC2", "BD013F0729BFB73981FF040D",); "sourceTree" = "<group>"; }; "B1F7AEC5671E04AFD76E49B4" = { "path" = "ContributionManager.swift"; "isa" = "PBXFileReference"; "lastKnownFileType" = "sourcecode.swift"; "sourceTree" = "<group>"; }; "B232E68070B9D87F8499AA2C" = { "isa" = "PBXBuildFile"; "fileRef" = "6E3AE7A6A857153549E7668E"; }; "887FD7E2DF404F2F32DC2D0F" = { "path" = "Completion"; "isa" = "PBXGroup"; "children" = ("423D38BB630D5933148F295C", "35E7B75DAB39B70D3268AFB1",); "sourceTree" = "<group>"; }; "F45D8BA38B13E2873ABB4F6E" = { "isa" = "PBXBuildFile"; "fileRef" = "9AF7B93AD2EE649A451C47C2"; }; "406F5BE2CDB8EAF297D11F5C" = { "path" = "Audio"; "isa" = "PBXGroup"; "children" = ("5C52576352316C613A3C6405",); "sourceTree" = "<group>"; }; "1887BE5BF09CDC02E753642C" = { "isa" = "PBXBuildFile"; "fileRef" = "E5A68C6ACC2C1610F3647BC5"; }; "7EABD88A97D24405A384868E" = { "path" = "Contribution"; "isa" = "PBXGroup"; "children" = ("A5718B5E566B9BACA6298699", "744AA1BA99330FB55DFA83DC", "CFFE7E8DBAC7799D7EA06042", "939A8FEBAF0EDC87C1644DAD",); "sourceTree" = "<group>"; }; "C2523FE80F9F838FCC7B3B58" = { "isa" = "PBXBuildFile"; "fileRef" = "939A8FEBAF0EDC87C1644DAD"; }; "4613CD7B99440B73F9C72A55" = { "isa" = "PBXBuildFile"; "fileRef" = "2E1066F75715080804DE5803"; }; "0F3D67935A4F199E058A017A" = { "isa" = "XCBuildConfiguration"; "buildSettings" = { "GENERATE_INFOPLIST_FILE" = "YES"; "SWIFT_ACTIVE_COMPILATION_CONDITIONS" = "DEBUG"; "DEBUG_INFORMATION_FORMAT" = "dwarf"; "TEST_HOST" = "$(BUILT_PRODUCTS_DIR)/Cuentiva.app/$(BUNDLE_EXECUTABLE_FOLDER_PATH)/Cuentiva"; "PRODUCT_BUNDLE_IDENTIFIER" = "com.3DaysOfSwiftConcurrency.Cuentiva.CuentivaTests"; "CODE_SIGN_STYLE" = "Automatic"; "SWIFT_OPTIMIZATION_LEVEL" = "-Onone"; "ENABLE_TESTABILITY" = "YES"; "BUNDLE_LOADER" = "$(TEST_HOST)"; "PRODUCT_NAME" = "$(TARGET_NAME)"; "TARGETED_DEVICE_FAMILY" = "1,2"; }; "name" = "Debug"; }; "EC29774D6D957C27902DA421" = { "path" = "Home"; "isa" = "PBXGroup"; "children" = ("E2DEB3433C4D8CD26C00907C", "0584177BD1045C9A97E03353",); "sourceTree" = "<group>"; }; "D31254E899EA311873CC5591" = { "path" = "LibraryManager.swift"; "isa" = "PBXFileReference"; "lastKnownFileType" = "sourcecode.swift"; "sourceTree" = "<group>"; }; "1ABF84E55BD30AC2CEF8FC42" = { "isa" = "PBXFrameworksBuildPhase"; "buildActionMask" = "2147483647"; "files" = (); "runOnlyForDeploymentPostprocessing" = "0"; }; "A5718B5E566B9BACA6298699" = { "path" = "ContributionView.swift"; "isa" = "PBXFileReference"; "lastKnownFileType" = "sourcecode.swift"; "sourceTree" = "<group>"; }; "2D957DF119F3EFA0A7C0A52C" = { "isa" = "PBXBuildFile"; "fileRef" = "5C52576352316C613A3C6405"; }; "0189424A5A60FED329FA868E" = { "isa" = "PBXResourcesBuildPhase"; "buildActionMask" = "2147483647"; "files" = ("255ABBB105F25A56F02B8BAF", "70383857801EB3BE559F581E", "7FEE17085A526D31C36F2BB4",); "runOnlyForDeploymentPostprocessing" = "0"; }; "930AF3144A20C5F245202519" = { "isa" = "PBXBuildFile"; "fileRef" = "154841472DB05B221E89694E"; }; "6D7060F7C76602130EAF7857" = { "isa" = "PBXBuildFile"; "fileRef" = "AFEC2F2A7E0A53F19A7A3D58"; }; "FAE881B82542A25F44392FE3" = { "path" = "ScriptDialogueRow.swift"; "isa" = "PBXFileReference"; "lastKnownFileType" = "sourcecode.swift"; "sourceTree" = "<group>"; }; "5C033F6B14C19D2A3DE13C71" = { "path" = "Onboarding"; "isa" = "PBXGroup"; "children" = ("32BE69DEDEFE4FAB7A953856", "A199CE37A058C4F40295FF86",); "sourceTree" = "<group>"; }; "A59FEF3F80B294E1CDCDC1BC" = { "isa" = "PBXBuildFile"; "fileRef" = "B5DA4638FF9F9A10560C6EFD"; }; "61D9ABF92E3290558BE7C436" = { "path" = "Lesson"; "isa" = "PBXGroup"; "children" = ("734A659B6A2F3267B4D99EE9", "390812B685A815AEE53C1F05",); "sourceTree" = "<group>"; }; "2388717427E57ED34732DED7" = { "isa" = "PBXBuildFile"; "fileRef" = "390812B685A815AEE53C1F05"; }; "40DDF4A082D6630DBD1955EC" = { "path" = "3 - App Resources"; "isa" = "PBXGroup"; "children" = ("432D7CF1733771C78DFAAC9E", "024C09AE9C4C923058DC9B6C", "2721CA1AC4587BDF99F89E71", "D835A7AAAA24016ACAAA271E",); "sourceTree" = "<group>"; }; "51D9151D403DB2AEEFB34C3D" = { "path" = "BookReaderViewModel.swift"; "isa" = "PBXFileReference"; "lastKnownFileType" = "sourcecode.swift"; "sourceTree" = "<group>"; }; "7AFE20FCCEB0CC99CF862DE7" = { "path" = "Contribution"; "isa" = "PBXGroup"; "children" = ("B1F7AEC5671E04AFD76E49B4", "71955E4954C8E1E4614DA0AE",); "sourceTree" = "<group>"; }; "1F7273D7942468E499D57A9E" = { "isa" = "PBXBuildFile"; "fileRef" = "A5718B5E566B9BACA6298699"; }; "2721CA1AC4587BDF99F89E71" = { "path" = "Cuentiva.storekit"; "isa" = "PBXFileReference"; "lastKnownFileType" = "text"; "sourceTree" = "<group>"; }; "C13732C8E715C9BEE4FA51C9" = { "productType" = "com.apple.product-type.application"; "productReference" = "BE7E1D0445B8638E9F94D853"; "buildConfigurationList" = "10F22E9B1C74CB19D5242D9B"; "productName" = "Cuentiva"; "isa" = "PBXNativeTarget"; "buildPhases" = ("BCE16DD0260827ECF338C787", "0189424A5A60FED329FA868E", "7561BFB015D8F536760CB671",); "dependencies" = (); "name" = "Cuentiva"; "buildRules" = (); }; "BF44AE2359B315C9E3E24D42" = { "isa" = "PBXBuildFile"; "fileRef" = "8EB11E39034E832137CB74D6"; }; "B38A0F702B9FD1C6D4103978" = { "isa" = "PBXBuildFile"; "fileRef" = "0584177BD1045C9A97E03353"; }; "98F54143AB4E86B28C3AFEE0" = { "buildConfigurationList" = "862894B703A6DEDF96A9DD6C"; "targets" = ("C13732C8E715C9BEE4FA51C9", "64BCB755386F844C96A2A5B0",); "developmentRegion" = "en"; "knownRegions" = ("en", "es", "Base",); "isa" = "PBXProject"; "compatibilityVersion" = "Xcode 14.0"; "productRefGroup" = "FBDC4F23F93125BBEEAE800C"; "projectDirPath" = ""; "attributes" = { "LastUpgradeCheck" = "2620"; "BuildIndependentTargetsInParallel" = "YES"; "TargetAttributes" = { "C13732C8E715C9BEE4FA51C9" = { "CreatedOnToolsVersion" = "26.2"; }; "64BCB755386F844C96A2A5B0" = { "TestTargetID" = "C13732C8E715C9BEE4FA51C9"; "CreatedOnToolsVersion" = "26.2"; }; }; }; "hasScannedForEncodings" = "0"; "projectRoot" = ""; "mainGroup" = "B28B7AF69320201D1CF206EB"; }; "2C1C1D60276D564D61F06A04" = { "path" = "ViewModelTests.swift"; "isa" = "PBXFileReference"; "lastKnownFileType" = "sourcecode.swift"; "sourceTree" = "<group>"; }; "0584177BD1045C9A97E03353" = { "path" = "HomeViewModel.swift"; "isa" = "PBXFileReference"; "lastKnownFileType" = "sourcecode.swift"; "sourceTree" = "<group>"; }; "39ADEBEA8921CDE95AD01F11" = { "path" = "CuentivaTests"; "isa" = "PBXGroup"; "children" = ("FB560BA89A69A972CFADF4CE", "2C1C1D60276D564D61F06A04",); "sourceTree" = "<group>"; }; "744AA1BA99330FB55DFA83DC" = { "path" = "ContributionViewModel.swift"; "isa" = "PBXFileReference"; "lastKnownFileType" = "sourcecode.swift"; "sourceTree" = "<group>"; }; "DE58E2B17C19600779694943" = { "isa" = "PBXTargetDependency"; "target" = "C13732C8E715C9BEE4FA51C9"; "targetProxy" = "D799BAE6088A90139B415FCC"; }; "E05FCB614AB36FDEE72EE1F2" = { "path" = "CuentivaTests.xctest"; "isa" = "PBXFileReference"; "explicitFileType" = "wrapper.cfbundle"; "sourceTree" = "BUILT_PRODUCTS_DIR"; }; "DD3A948B8C943C65605BBD56" = { "path" = "CompletedViewModel.swift"; "isa" = "PBXFileReference"; "lastKnownFileType" = "sourcecode.swift"; "sourceTree" = "<group>"; }; "7FB2A48C3670368EDF696698" = { "isa" = "PBXBuildFile"; "fileRef" = "E50A39939B0BCA7590A7DD9D"; }; "EF33E23D94277D86A737ABC3" = { "isa" = "PBXBuildFile"; "fileRef" = "B1F7AEC5671E04AFD76E49B4"; }; "5FD40CD303F0DD40EEC13232" = { "path" = "StreakBar.swift"; "isa" = "PBXFileReference"; "lastKnownFileType" = "sourcecode.swift"; "sourceTree" = "<group>"; }; "AB318DA9416FA64BB6CD5617" = { "path" = "Cuentiva"; "isa" = "PBXGroup"; "children" = ("3DC18F69884912BC869D88BF", "BDBE7AE6C2A3F552BD99F64B", "40DDF4A082D6630DBD1955EC",); "sourceTree" = "<group>"; }; "B06206F2AAEC3E75C63A5F4B" = { "isa" = "PBXBuildFile"; "fileRef" = "E36F801856AABF3D333719F6"; }; "89E1FD6268CC0F221A2BE178" = { "isa" = "XCBuildConfiguration"; "buildSettings" = { "SWIFT_ACTIVE_COMPILATION_CONDITIONS" = "DEBUG"; "CLANG_ENABLE_MODULES" = "YES"; "IPHONEOS_DEPLOYMENT_TARGET" = "26.0"; "DEBUG_INFORMATION_FORMAT" = "dwarf"; "SWIFT_OPTIMIZATION_LEVEL" = "-Onone"; "SDKROOT" = "iphoneos"; "SWIFT_VERSION" = "6.0"; "ENABLE_TESTABILITY" = "YES"; "SWIFT_STRICT_CONCURRENCY" = "complete"; }; "name" = "Debug"; }; "7A12102DC4C66B23219F4943" = { "path" = "StoryParagraphRow.swift"; "isa" = "PBXFileReference"; "lastKnownFileType" = "sourcecode.swift"; "sourceTree" = "<group>"; }; "390812B685A815AEE53C1F05" = { "path" = "LessonViewModel.swift"; "isa" = "PBXFileReference"; "lastKnownFileType" = "sourcecode.swift"; "sourceTree" = "<group>"; }; "5846139E38AEBE7E6A204CE0" = { "path" = "Components"; "isa" = "PBXGroup"; "children" = ("5329B87740778AE2D04BB357", "5FD40CD303F0DD40EEC13232", "0FE1BEB6017044EEC7F4F85E", "942BE8E55C05A3BFE84346CA", "9AF7B93AD2EE649A451C47C2",); "sourceTree" = "<group>"; }; "942BE8E55C05A3BFE84346CA" = { "path" = "ConfettiBurst.swift"; "isa" = "PBXFileReference"; "lastKnownFileType" = "sourcecode.swift"; "sourceTree" = "<group>"; }; "6B7D39D4036378B051155341" = { "path" = "Protocols"; "isa" = "PBXGroup"; "children" = ("106F8ADA973BDE6248BF4D42",); "sourceTree" = "<group>"; }; "5329B87740778AE2D04BB357" = { "path" = "BookCover.swift"; "isa" = "PBXFileReference"; "lastKnownFileType" = "sourcecode.swift"; "sourceTree" = "<group>"; }; "734A659B6A2F3267B4D99EE9" = { "path" = "LessonView.swift"; "isa" = "PBXFileReference"; "lastKnownFileType" = "sourcecode.swift"; "sourceTree" = "<group>"; }; "39A2C48687809D1ACD654F95" = { "isa" = "PBXBuildFile"; "fileRef" = "182C07F2F5B237D30D009E0D"; }; "CFFE7E8DBAC7799D7EA06042" = { "path" = "TopicRequestBoard.swift"; "isa" = "PBXFileReference"; "lastKnownFileType" = "sourcecode.swift"; "sourceTree" = "<group>"; }; "79A9103969021DFE95FEAC98" = { "isa" = "PBXBuildFile"; "fileRef" = "FAE881B82542A25F44392FE3"; }; "044E6D5FCEBFE0CB144DFB21" = { "isa" = "PBXBuildFile"; "fileRef" = "423D38BB630D5933148F295C"; }; "61AF5D6BEA2D148C6F2833BF" = { "isa" = "XCConfigurationList"; "defaultConfigurationIsVisible" = "0"; "defaultConfigurationName" = "Release"; "buildConfigurations" = ("0F3D67935A4F199E058A017A", "20B70E15FDC36C625E57F658",); }; "BE7E1D0445B8638E9F94D853" = { "path" = "Cuentiva.app"; "isa" = "PBXFileReference"; "explicitFileType" = "wrapper.application"; "sourceTree" = "BUILT_PRODUCTS_DIR"; }; "D799BAE6088A90139B415FCC" = { "isa" = "PBXContainerItemProxy"; "containerPortal" = "98F54143AB4E86B28C3AFEE0"; "remoteGlobalIDString" = "C13732C8E715C9BEE4FA51C9"; "remoteInfo" = "Cuentiva"; "proxyType" = "1"; }; "710F298B72903C06E9ECD1A3" = { "path" = "Nearby"; "isa" = "PBXGroup"; "sourceTree" = "<group>"; "children" = ("0CD5AE98F9FE3CAAEEB93DCD", "8725944FE9A48791FC8A1B02", "1CDBF884464D4E4FC82E1BB3",); }; "406F4E62731E70B13D10AC5B" = { "isa" = "PBXBuildFile"; "fileRef" = "970B6A88532FC74DF12006A6"; }; "FA87BFFCFF7705C265A17640" = { "path" = "SettingsViewModel.swift"; "isa" = "PBXFileReference"; "lastKnownFileType" = "sourcecode.swift"; "sourceTree" = "<group>"; }; "7840A82AB8F3F5593D0C6763" = { "isa" = "PBXBuildFile"; "fileRef" = "E2DEB3433C4D8CD26C00907C"; }; "024C09AE9C4C923058DC9B6C" = { "path" = "PrivacyInfo.xcprivacy"; "isa" = "PBXFileReference"; "lastKnownFileType" = "text.xml"; "sourceTree" = "<group>"; }; "AA17D92A9DE96BC97669730A" = { "path" = "LocalTopicRequestRepository.swift"; "isa" = "PBXFileReference"; "lastKnownFileType" = "sourcecode.swift"; "sourceTree" = "<group>"; }; "F8515861B90246DCFA60FDFA" = { "isa" = "PBXBuildFile"; "fileRef" = "71955E4954C8E1E4614DA0AE"; }; "DE4EACA2E863DB5C048CEA1A" = { "path" = "User Data Storage"; "isa" = "PBXGroup"; "children" = ("B310CBD0E45EBC1B730B579C", "6B7D39D4036378B051155341",); "sourceTree" = "<group>"; }; "E8EDD9B19EE1F4EF5D227F92" = { "isa" = "PBXBuildFile"; "fileRef" = "32BE69DEDEFE4FAB7A953856"; }; "DD3DADD05BB5902B94987962" = { "isa" = "PBXBuildFile"; "fileRef" = "FEDA66EEE66264CF52DCFEEC"; }; "5E658B677197724D8CCE5EED" = { "isa" = "PBXBuildFile"; "fileRef" = "A199CE37A058C4F40295FF86"; }; "0FE1BEB6017044EEC7F4F85E" = { "path" = "InlineError.swift"; "isa" = "PBXFileReference"; "lastKnownFileType" = "sourcecode.swift"; "sourceTree" = "<group>"; }; "6E431EB0650617AA1756B320" = { "isa" = "PBXSourcesBuildPhase"; "buildActionMask" = "2147483647"; "files" = ("3ECD61B76E658B462CAC1C61", "8C532881C594DD55DD6C6C62",); "runOnlyForDeploymentPostprocessing" = "0"; }; "7708F0D356BD61ACFB25AB35" = { "isa" = "PBXBuildFile"; "fileRef" = "B5A9EF7A4B583713A0D2027E"; }; "B5A9EF7A4B583713A0D2027E" = { "path" = "SettingsView.swift"; "isa" = "PBXFileReference"; "lastKnownFileType" = "sourcecode.swift"; "sourceTree" = "<group>"; }; "154841472DB05B221E89694E" = { "path" = "NearbyViewModel.swift"; "isa" = "PBXFileReference"; "lastKnownFileType" = "sourcecode.swift"; "sourceTree" = "<group>"; }; "E36F801856AABF3D333719F6" = { "path" = "RootViewModel.swift"; "isa" = "PBXFileReference"; "lastKnownFileType" = "sourcecode.swift"; "sourceTree" = "<group>"; }; "8C6E39A0F9E56CD1EC9257EB" = { "isa" = "PBXBuildFile"; "fileRef" = "D69E80372C9970B5698437AD"; }; "8C98D6EF87D47BE061AD3FCF" = { "isa" = "PBXBuildFile"; "fileRef" = "0CD5AE98F9FE3CAAEEB93DCD"; }; "9AF7B93AD2EE649A451C47C2" = { "path" = "LibraryControls.swift"; "isa" = "PBXFileReference"; "lastKnownFileType" = "sourcecode.swift"; "sourceTree" = "<group>"; }; "7FEE17085A526D31C36F2BB4" = { "isa" = "PBXBuildFile"; "fileRef" = "D835A7AAAA24016ACAAA271E"; }; "3DC18F69884912BC869D88BF" = { "path" = "1 - View"; "isa" = "PBXGroup"; "children" = ("FEDA66EEE66264CF52DCFEEC", "2B70827F8DD01F1410EC5834", "4B2B51E3124ADD6F9ECBBE36",); "sourceTree" = "<group>"; }; "D00399A4A1C9C22959122F73" = { "path" = "PaywallViewModel.swift"; "isa" = "PBXFileReference"; "lastKnownFileType" = "sourcecode.swift"; "sourceTree" = "<group>"; }; "939A8FEBAF0EDC87C1644DAD" = { "path" = "TopicTeachingBrief.swift"; "isa" = "PBXFileReference"; "lastKnownFileType" = "sourcecode.swift"; "sourceTree" = "<group>"; }; "01BB140433D274579B0E934D" = { "isa" = "PBXBuildFile"; "fileRef" = "0FE1BEB6017044EEC7F4F85E"; }; "182C07F2F5B237D30D009E0D" = { "path" = "WordComparison.swift"; "isa" = "PBXFileReference"; "lastKnownFileType" = "sourcecode.swift"; "sourceTree" = "<group>"; }; "26F2D6B7180D656CF49983A5" = { "isa" = "PBXBuildFile"; "fileRef" = "18799BC49755CA6C411C5E56"; }; "157D28D345E8DC4D4A4E49C3" = { "isa" = "PBXBuildFile"; "fileRef" = "734A659B6A2F3267B4D99EE9"; }; "D07676E83F9C09C5258C263C" = { "isa" = "PBXBuildFile"; "fileRef" = "AA17D92A9DE96BC97669730A"; }; "57B8BE1D0F0572B9A119D376" = { "isa" = "PBXBuildFile"; "fileRef" = "1CDBF884464D4E4FC82E1BB3"; }; "10F22E9B1C74CB19D5242D9B" = { "isa" = "XCConfigurationList"; "defaultConfigurationIsVisible" = "0"; "defaultConfigurationName" = "Release"; "buildConfigurations" = ("1FF75C81AE4E5380C32AD715", "180073E370966163BFFC2B65",); }; "8C532881C594DD55DD6C6C62" = { "isa" = "PBXBuildFile"; "fileRef" = "2C1C1D60276D564D61F06A04"; }; "70383857801EB3BE559F581E" = { "isa" = "PBXBuildFile"; "fileRef" = "024C09AE9C4C923058DC9B6C"; }; "E6DE6C99132752C914FEF632" = { "isa" = "XCBuildConfiguration"; "buildSettings" = { "CLANG_ENABLE_MODULES" = "YES"; "IPHONEOS_DEPLOYMENT_TARGET" = "26.0"; "DEBUG_INFORMATION_FORMAT" = "dwarf-with-dsym"; "SWIFT_OPTIMIZATION_LEVEL" = "-O"; "SDKROOT" = "iphoneos"; "SWIFT_VERSION" = "6.0"; "SWIFT_STRICT_CONCURRENCY" = "complete"; }; "name" = "Release"; }; "9C60D08073363F26AEA12AC2" = { "path" = "Nearby"; "isa" = "PBXGroup"; "sourceTree" = "<group>"; "children" = ("8EB11E39034E832137CB74D6", "154841472DB05B221E89694E",); }; "5C52576352316C613A3C6405" = { "path" = "AppleLessonAudio.swift"; "isa" = "PBXFileReference"; "lastKnownFileType" = "sourcecode.swift"; "sourceTree" = "<group>"; }; "A58184BF54F28F1DABEA99A1" = { "isa" = "PBXBuildFile"; "fileRef" = "4087CE5A5FE98D91E7F1CD1E"; }; "9D1E69965F872B161C9D2A2E" = { "isa" = "PBXGroup"; "path" = "Practice"; "sourceTree" = "<group>"; "children" = ("F6BC690D9F0CFAF0D7119287",); }; "F6BC690D9F0CFAF0D7119287" = { "isa" = "PBXFileReference"; "lastKnownFileType" = "sourcecode.swift"; "path" = "PracticeManager.swift"; "sourceTree" = "<group>"; }; "70B60559C4F02D647DB559CA" = { "isa" = "PBXBuildFile"; "fileRef" = "F6BC690D9F0CFAF0D7119287"; }; "BD013F0729BFB73981FF040D" = { "isa" = "PBXGroup"; "path" = "Practice"; "sourceTree" = "<group>"; "children" = ("258DC6C961F8CAA5DDC21289", "748CE711EFE7D919B33B7A18",); }; "258DC6C961F8CAA5DDC21289" = { "isa" = "PBXFileReference"; "lastKnownFileType" = "sourcecode.swift"; "path" = "PracticeView.swift"; "sourceTree" = "<group>"; }; "60C72F95CEC2878AE157EDB7" = { "isa" = "PBXBuildFile"; "fileRef" = "258DC6C961F8CAA5DDC21289"; }; "748CE711EFE7D919B33B7A18" = { "isa" = "PBXFileReference"; "lastKnownFileType" = "sourcecode.swift"; "path" = "PracticeViewModel.swift"; "sourceTree" = "<group>"; }; "2B6F16D0EDD44BE054C8C750" = { "isa" = "PBXBuildFile"; "fileRef" = "748CE711EFE7D919B33B7A18"; }; }; "rootObject" = "98F54143AB4E86B28C3AFEE0"; }
