// !$*UTF8*$!
{classes = {}; objectVersion = "56"; archiveVersion = "1"; objects = { 63393034B3C80361072D8D53 = {isa = "PBXFileReference"; lastKnownFileType = "sourcecode.swift"; path = "ProgressRecords.swift"; sourceTree = "<group>"; }; F1CCAB3D62CE13D122614F78 = {isa = "PBXBuildFile"; fileRef = "63393034B3C80361072D8D53"; }; 111E91D09E0545EEBFAF8332 = {isa = "PBXFileReference"; lastKnownFileType = "sourcecode.swift"; path = "SwiftDataStore.swift"; sourceTree = "<group>"; }; 0A48B90A416E7CB34A572391 = {isa = "PBXBuildFile"; fileRef = "111E91D09E0545EEBFAF8332"; };AB86F3CFE2354C73B7263BD2 = {isa = "PBXFileReference"; path = "ChatComposerView.swift"; lastKnownFileType = "sourcecode.swift"; sourceTree = "<group>"; }; 7F98434E7ECE48D3883029F3 = {isa = "PBXBuildFile"; fileRef = "AB86F3CFE2354C73B7263BD2"; }; 9401AFC6368743628E02605A = {isa = "PBXFileReference"; path = "ChatPaywallView.swift"; lastKnownFileType = "sourcecode.swift"; sourceTree = "<group>"; }; 8C0BFC98BEC744B6A2CBBB86 = {isa = "PBXBuildFile"; fileRef = "9401AFC6368743628E02605A"; }; BAA934565AC74736968E6E37 = {isa = "PBXFileReference"; path = "ChatRepository.swift"; lastKnownFileType = "sourcecode.swift"; sourceTree = "<group>"; }; B82D738306D14B60829F4F51 = {isa = "PBXBuildFile"; fileRef = "BAA934565AC74736968E6E37"; }; A325456AACA24DA0BDA9F290 = {isa = "PBXFileReference"; path = "ChatModels.swift"; lastKnownFileType = "sourcecode.swift"; sourceTree = "<group>"; }; 8CFF494A7F154CA2877E0BB7 = {isa = "PBXBuildFile"; fileRef = "A325456AACA24DA0BDA9F290"; }; 7328A6DC021446BB8D700C51 = {isa = "PBXFileReference"; path = "StorytellerChat.storekit"; lastKnownFileType = "text"; sourceTree = "<group>"; }; 35B0E9885F5544AABBB439FC = {isa = "PBXBuildFile"; fileRef = "6389486F6DBC46D9878F5544"; }; 6389486F6DBC46D9878F5544 = {isa = "PBXFileReference"; path = "ChatTests.swift"; lastKnownFileType = "sourcecode.swift"; sourceTree = "<group>"; }; 706B23E164274B8386BD5368 = {isa = "PBXBuildFile"; fileRef = "1672C9A1D0A64BADAD3DCE19"; }; 1672C9A1D0A64BADAD3DCE19 = {isa = "PBXFileReference"; path = "ChatTurnView.swift"; lastKnownFileType = "sourcecode.swift"; sourceTree = "<group>"; }; CC73C85CF02E43AD8E94EB86 = {isa = "PBXBuildFile"; fileRef = "3CE4343C97CA4159A668F5B9"; }; 3CE4343C97CA4159A668F5B9 = {isa = "PBXFileReference"; path = "ChatViewModel.swift"; lastKnownFileType = "sourcecode.swift"; sourceTree = "<group>"; }; 7B1B74AA59434C6CADA577FA = {isa = "PBXBuildFile"; fileRef = "2CCE250E765C451FB95023A9"; }; 2CCE250E765C451FB95023A9 = {isa = "PBXFileReference"; path = "ChatView.swift"; lastKnownFileType = "sourcecode.swift"; sourceTree = "<group>"; }; A003516147AD429EAE557499 = {isa = "PBXGroup"; path = "Chat"; children = ("2CCE250E765C451FB95023A9", "3CE4343C97CA4159A668F5B9", "1672C9A1D0A64BADAD3DCE19", "9401AFC6368743628E02605A", "AB86F3CFE2354C73B7263BD2", ); sourceTree = "<group>"; }; 4451EA27691E4ABABCA45FED = {isa = "PBXBuildFile"; fileRef = "F22FC7B2F5B6436A8AC37BB0"; }; F22FC7B2F5B6436A8AC37BB0 = {isa = "PBXFileReference"; path = "AppleChatGenerator.swift"; lastKnownFileType = "sourcecode.swift"; sourceTree = "<group>"; }; 40123E71C4804D5A93D0EE08 = {isa = "PBXBuildFile"; fileRef = "C44FC3856CE547F9A8396AE6"; }; C44FC3856CE547F9A8396AE6 = {isa = "PBXFileReference"; path = "ChatManager.swift"; lastKnownFileType = "sourcecode.swift"; sourceTree = "<group>"; }; 9273AACD5DEC44CA9ECE9E85 = {isa = "PBXGroup"; path = "Chat"; children = ("C44FC3856CE547F9A8396AE6", "F22FC7B2F5B6436A8AC37BB0", "A325456AACA24DA0BDA9F290", "BAA934565AC74736968E6E37", ); sourceTree = "<group>"; }; 6C728DAD2B3A4ED8AF3A423B = {isa = "PBXFileReference"; path = "TomorrowFooter.swift"; lastKnownFileType = "sourcecode.swift"; sourceTree = "<group>"; }; D9E20264F7914C39BE22CAEB = {isa = "PBXBuildFile"; fileRef = "6C728DAD2B3A4ED8AF3A423B"; };081AC0D568224CB2B444B0A5 = {isa = "PBXFileReference"; path = "AppleFantasyGenerator.swift"; lastKnownFileType = "sourcecode.swift"; sourceTree = "<group>"; }; 4517F2A4C44C48C08241B05B = {isa = "PBXBuildFile"; fileRef = "081AC0D568224CB2B444B0A5"; };45ABF3B7843543098E2115E9 = {isa = "PBXFileReference"; path = "FantasyManager.swift"; lastKnownFileType = "sourcecode.swift"; sourceTree = "<group>"; }; 5B7A9C1CF1AC4429A3629E2E = {isa = "PBXBuildFile"; fileRef = "45ABF3B7843543098E2115E9"; }; F320F033C6C84CF191738FB5 = {isa = "PBXFileReference"; path = "FantasyModels.swift"; lastKnownFileType = "sourcecode.swift"; sourceTree = "<group>"; }; 7C5226B10F6C45138F772DC7 = {isa = "PBXBuildFile"; fileRef = "F320F033C6C84CF191738FB5"; }; 38560267841B410DA49652C1 = {isa = "PBXFileReference"; path = "FantasyRepository.swift"; lastKnownFileType = "sourcecode.swift"; sourceTree = "<group>"; }; 8F7D1A08D6E7489E96B6A7C0 = {isa = "PBXBuildFile"; fileRef = "38560267841B410DA49652C1"; }; 3BFD0F862E8A4602B910EC6B = {isa = "PBXGroup"; path = "Fantasy"; children = ("45ABF3B7843543098E2115E9","F320F033C6C84CF191738FB5","38560267841B410DA49652C1","081AC0D568224CB2B444B0A5",); sourceTree = "<group>"; }; 9A26F1787EF341D3AC5AFAF3 = {isa = "PBXFileReference"; path = "FantasyWritingView.swift"; lastKnownFileType = "sourcecode.swift"; sourceTree = "<group>"; }; 4B133BAD3ABB4D2EAFADD35B = {isa = "PBXBuildFile"; fileRef = "9A26F1787EF341D3AC5AFAF3"; }; 9F8FF26304E4404DAD54C7C4 = {isa = "PBXFileReference"; path = "FantasyWritingViewModel.swift"; lastKnownFileType = "sourcecode.swift"; sourceTree = "<group>"; }; AC1B17C621284AA68194E630 = {isa = "PBXBuildFile"; fileRef = "9F8FF26304E4404DAD54C7C4"; }; 1E4B574A7AA7411C99ADD34C = {isa = "PBXFileReference"; path = "StorytellerRevealView.swift"; lastKnownFileType = "sourcecode.swift"; sourceTree = "<group>"; }; 2E6D7CE6056F427A945E2A93 = {isa = "PBXBuildFile"; fileRef = "1E4B574A7AA7411C99ADD34C"; }; CFFD57C104534C5FACBACC98 = {isa = "PBXFileReference"; path = "StorytellerRevealViewModel.swift"; lastKnownFileType = "sourcecode.swift"; sourceTree = "<group>"; }; DD4005E8120044508CDA2A23 = {isa = "PBXBuildFile"; fileRef = "CFFD57C104534C5FACBACC98"; }; 904546A4D2C04350B5FBA471 = {isa = "PBXGroup"; path = "Fantasy"; children = ("9A26F1787EF341D3AC5AFAF3","9F8FF26304E4404DAD54C7C4","1E4B574A7AA7411C99ADD34C","CFFD57C104534C5FACBACC98",); sourceTree = "<group>"; };8A17A51A759A4576896F2205 = {isa = "PBXFileReference"; path = "HiddenProgressView.swift"; lastKnownFileType = "sourcecode.swift"; sourceTree = "<group>"; }; 41608348E6304F1EB94F2C66 = {isa = "PBXBuildFile"; fileRef = "8A17A51A759A4576896F2205"; };63E8A53CF93D4ED787F67385 = {isa = "PBXFileReference"; path = "StatsView.swift"; lastKnownFileType = "sourcecode.swift"; sourceTree = "<group>"; }; 5BE4A07263064BA9906A2B15 = {isa = "PBXBuildFile"; fileRef = "63E8A53CF93D4ED787F67385"; }; 46080AA83EAC4C90820FC4A1 = {isa = "PBXFileReference"; path = "StatsViewModel.swift"; lastKnownFileType = "sourcecode.swift"; sourceTree = "<group>"; }; E6329DECEAE34B728E52C83A = {isa = "PBXBuildFile"; fileRef = "46080AA83EAC4C90820FC4A1"; }; AB1BB99D5C034A6599B8B231 = {isa = "PBXGroup"; path = "Stats"; children = ("63E8A53CF93D4ED787F67385","46080AA83EAC4C90820FC4A1","8A17A51A759A4576896F2205",); sourceTree = "<group>"; };E06BDAB0E38332790CACB097 = {path = "Settings"; isa = "PBXGroup"; children = ("B5A9EF7A4B583713A0D2027E","FA87BFFCFF7705C265A17640",); sourceTree = "<group>"; }; 52EA809FA716955E30239F20 = {path = "Root"; isa = "PBXGroup"; children = ("970B6A88532FC74DF12006A6","E36F801856AABF3D333719F6","31489201B855BC45A3D38FE2",); sourceTree = "<group>"; }; AEDE0E3F4EED51CADF059F35 = {path = "Paywall"; isa = "PBXGroup"; children = ("AFEC2F2A7E0A53F19A7A3D58","D00399A4A1C9C22959122F73",); sourceTree = "<group>"; }; 9B254395DB032E225F4754C5 = {path = "Features"; isa = "PBXGroup"; children = ("406F5BE2CDB8EAF297D11F5C","7AFE20FCCEB0CC99CF862DE7","4CA3989615DEDA6675795BF4","F1B8304417E39AB52C7C9D63","866354D63FF93AF1724C75FF","3B80772A92DBE3C746B417BD","710F298B72903C06E9ECD1A3","9D1E69965F872B161C9D2A2E","6859E3143D1AA26838DD44A4","3BFD0F862E8A4602B910EC6B","9273AACD5DEC44CA9ECE9E85", ); sourceTree = "<group>"; }; A58184BF54F28F1DABEA99A1 = {isa = "PBXBuildFile"; fileRef = "4087CE5A5FE98D91E7F1CD1E"; }; 470A3E66D32B4677134800B8 = {path = "BookReader"; isa = "PBXGroup"; children = ("4087CE5A5FE98D91E7F1CD1E","51D9151D403DB2AEEFB34C3D","FAE881B82542A25F44392FE3","7A12102DC4C66B23219F4943",); sourceTree = "<group>"; }; 6859E3143D1AA26838DD44A4 = {path = "LanguageTerms"; isa = "PBXGroup"; sourceTree = "<group>"; children = ("FAF1F7B88E6CFD40636811A9","AAB63B1490F02917DC27FAF0",); }; FB560BA89A69A972CFADF4CE = {path = "DomainTests.swift"; isa = "PBXFileReference"; lastKnownFileType = "sourcecode.swift"; sourceTree = "<group>"; }; 970B6A88532FC74DF12006A6 = {path = "RootView.swift"; isa = "PBXFileReference"; lastKnownFileType = "sourcecode.swift"; sourceTree = "<group>"; }; FBDC4F23F93125BBEEAE800C = {isa = "PBXGroup"; name = "Products"; children = ("BE7E1D0445B8638E9F94D853","E05FCB614AB36FDEE72EE1F2",); sourceTree = "<group>"; }; D6E0B5188572D9C864545816 = {isa = "PBXBuildFile"; fileRef = "5329B87740778AE2D04BB357"; }; 180073E370966163BFFC2B65 = {isa = "XCBuildConfiguration"; buildSettings = {MARKETING_VERSION = "0.1"; INFOPLIST_KEY_NSLocationWhenInUseUsageDescription = "Find stories set near your current location. Your browsing location is not saved."; DEVELOPMENT_TEAM = "LW4V9MRNCX"; CURRENT_PROJECT_VERSION = "1"; PRODUCT_BUNDLE_IDENTIFIER = "com.3DaysOfSwiftConcurrency.Cuentiva"; INFOPLIST_KEY_CFBundleDisplayName = "Cuentiva"; DEBUG_INFORMATION_FORMAT = "dwarf-with-dsym"; TARGETED_DEVICE_FAMILY = "1,2"; CODE_SIGN_STYLE = "Automatic"; INFOPLIST_KEY_UILaunchStoryboardName = "LaunchScreen"; INFOPLIST_KEY_UIRequiresFullScreen = "YES"; SWIFT_OPTIMIZATION_LEVEL = "-O"; ASSETCATALOG_COMPILER_APPICON_NAME = "AppIcon"; LD_RUNPATH_SEARCH_PATHS = ("$(inherited)","@executable_path/Frameworks",); PRODUCT_NAME = "$(TARGET_NAME)"; INFOPLIST_KEY_NSSpeechRecognitionUsageDescription = "Compare your spoken Spanish with the story sentence using on-device recognition."; INFOPLIST_KEY_UISupportedInterfaceOrientations = "UIInterfaceOrientationPortrait"; INFOPLIST_KEY_NSMicrophoneUsageDescription = "Practice Spanish aloud. Audio is processed on device and is not saved."; INFOPLIST_KEY_UIApplicationSceneManifest_Generation = "YES"; GENERATE_INFOPLIST_FILE = "YES"; }; name = "Release"; }; B5DA4638FF9F9A10560C6EFD = {path = "LearnerProgress.swift"; isa = "PBXFileReference"; lastKnownFileType = "sourcecode.swift"; sourceTree = "<group>"; }; 944580C54A67759EC45ADA89 = {path = "Completed"; isa = "PBXGroup"; children = ("086B23D461E8851C30FA2B85","DD3A948B8C943C65605BBD56",); sourceTree = "<group>"; }; 6AF2E81979D5F169C5A7711C = {isa = "PBXBuildFile"; fileRef = "2559F6EBC54FA9C25F7AB4E9"; }; 3ECD61B76E658B462CAC1C61 = {isa = "PBXBuildFile"; fileRef = "FB560BA89A69A972CFADF4CE"; }; BB7C8E8B386F68F1F9E7A48C = {path = "Vocabulary"; isa = "PBXGroup"; sourceTree = "<group>"; children = ("421A55B07F6CC2B9154FDC38","1AB5100D97C88F4E2F051967",); }; BDBE7AE6C2A3F552BD99F64B = {path = "2 - AppModel"; isa = "PBXGroup"; children = ("2559F6EBC54FA9C25F7AB4E9","9B254395DB032E225F4754C5","DE4EACA2E863DB5C048CEA1A",); sourceTree = "<group>"; }; E50A39939B0BCA7590A7DD9D = {path = "LocalRepositories.swift"; isa = "PBXFileReference"; lastKnownFileType = "sourcecode.swift"; sourceTree = "<group>"; }; B310CBD0E45EBC1B730B579C = {path = "Local"; isa = "PBXGroup"; children = ("63393034B3C80361072D8D53","111E91D09E0545EEBFAF8332","E50A39939B0BCA7590A7DD9D","AA17D92A9DE96BC97669730A",); sourceTree = "<group>"; }; 83770289D11A7C935273FA25 = {path = "Authors"; isa = "PBXGroup"; children = ("8818831172B3535FD392A204","69314C8201335F9E8B2CCD65",); sourceTree = "<group>"; }; 8EB11E39034E832137CB74D6 = {path = "NearbyView.swift"; isa = "PBXFileReference"; lastKnownFileType = "sourcecode.swift"; sourceTree = "<group>"; }; 4087CE5A5FE98D91E7F1CD1E = {path = "BookReaderView.swift"; isa = "PBXFileReference"; lastKnownFileType = "sourcecode.swift"; sourceTree = "<group>"; }; E5A68C6ACC2C1610F3647BC5 = {path = "AppColourTheme.swift"; isa = "PBXFileReference"; lastKnownFileType = "sourcecode.swift"; sourceTree = "<group>"; }; 3E19A16796FEB42A168EBAB9 = {path = "LearningManager.swift"; isa = "PBXFileReference"; lastKnownFileType = "sourcecode.swift"; sourceTree = "<group>"; }; 423D38BB630D5933148F295C = {path = "CompletionView.swift"; isa = "PBXFileReference"; lastKnownFileType = "sourcecode.swift"; sourceTree = "<group>"; }; B2EB2B22882AF0FBE5C681B3 = {isa = "PBXBuildFile"; fileRef = "5FD40CD303F0DD40EEC13232"; }; 8725944FE9A48791FC8A1B02 = {path = "NearbyManager.swift"; isa = "PBXFileReference"; lastKnownFileType = "sourcecode.swift"; sourceTree = "<group>"; }; D835A7AAAA24016ACAAA271E = {path = "Assets.xcassets"; isa = "PBXFileReference"; lastKnownFileType = "folder.assetcatalog"; sourceTree = "<group>"; }; 105F3C78826CA7B560E384A2 = {isa = "PBXBuildFile"; fileRef = "395D9719D8F1C59D2158B63A"; }; 20B70E15FDC36C625E57F658 = {isa = "XCBuildConfiguration"; buildSettings = {GENERATE_INFOPLIST_FILE = "YES"; DEBUG_INFORMATION_FORMAT = "dwarf-with-dsym"; TEST_HOST = "$(BUILT_PRODUCTS_DIR)/Cuentiva.app/$(BUNDLE_EXECUTABLE_FOLDER_PATH)/Cuentiva"; PRODUCT_BUNDLE_IDENTIFIER = "com.3DaysOfSwiftConcurrency.Cuentiva.CuentivaTests"; CODE_SIGN_STYLE = "Automatic"; SWIFT_OPTIMIZATION_LEVEL = "-O"; BUNDLE_LOADER = "$(TEST_HOST)"; PRODUCT_NAME = "$(TARGET_NAME)"; TARGETED_DEVICE_FAMILY = "1,2"; }; name = "Release"; }; D69E80372C9970B5698437AD = {path = "PurchaseManager.swift"; isa = "PBXFileReference"; lastKnownFileType = "sourcecode.swift"; sourceTree = "<group>"; }; 2559F6EBC54FA9C25F7AB4E9 = {path = "AppModel.swift"; isa = "PBXFileReference"; lastKnownFileType = "sourcecode.swift"; sourceTree = "<group>"; }; C4DC2CA1A5A213FB548AA23B = {isa = "PBXBuildFile"; fileRef = "D31254E899EA311873CC5591"; }; 4CA3989615DEDA6675795BF4 = {path = "Learning"; isa = "PBXGroup"; children = ("3E19A16796FEB42A168EBAB9","182C07F2F5B237D30D009E0D",); sourceTree = "<group>"; }; 086B23D461E8851C30FA2B85 = {path = "CompletedView.swift"; isa = "PBXFileReference"; lastKnownFileType = "sourcecode.swift"; sourceTree = "<group>"; }; 1AB5100D97C88F4E2F051967 = {path = "VocabularyViewModel.swift"; isa = "PBXFileReference"; lastKnownFileType = "sourcecode.swift"; sourceTree = "<group>"; }; EE00AB5393BBF6E216A5781F = {isa = "PBXBuildFile"; fileRef = "FA87BFFCFF7705C265A17640"; }; 866354D63FF93AF1724C75FF = {path = "Progress"; isa = "PBXGroup"; children = ("B5DA4638FF9F9A10560C6EFD","18799BC49755CA6C411C5E56",); sourceTree = "<group>"; }; 530B0C9BCF206BC63417DB57 = {isa = "PBXBuildFile"; fileRef = "FAF1F7B88E6CFD40636811A9"; }; 0CD5AE98F9FE3CAAEEB93DCD = {path = "StoryLocation.swift"; isa = "PBXFileReference"; lastKnownFileType = "sourcecode.swift"; sourceTree = "<group>"; }; 28CFE7748D340FC213F36D0D = {isa = "PBXBuildFile"; fileRef = "822DB11ED83B109A718D4F8D"; }; BCE16DD0260827ECF338C787 = {isa = "PBXSourcesBuildPhase"; buildActionMask = "2147483647"; files = ("F1CCAB3D62CE13D122614F78","0A48B90A416E7CB34A572391","DD3DADD05BB5902B94987962","1887BE5BF09CDC02E753642C","B4AA3D3ECDB7E172EC8398F0","CAEE9D7E60E036798C4EDDE6","044E6D5FCEBFE0CB144DFB21","1340C8B27FD40913FFDE428D","D6E0B5188572D9C864545816","1F7273D7942468E499D57A9E","B40DAA6DA6BB47EB538370AA","7840A82AB8F3F5593D0C6763","B38A0F702B9FD1C6D4103978","157D28D345E8DC4D4A4E49C3","2388717427E57ED34732DED7","E8EDD9B19EE1F4EF5D227F92","5E658B677197724D8CCE5EED","6D7060F7C76602130EAF7857","47DB7F130067D02A233DF79F","406F4E62731E70B13D10AC5B","B06206F2AAEC3E75C63A5F4B","7708F0D356BD61ACFB25AB35","EE00AB5393BBF6E216A5781F","6AF2E81979D5F169C5A7711C","2D957DF119F3EFA0A7C0A52C","EF33E23D94277D86A737ABC3","8159903C3550F7BEB8CFAE78","39A2C48687809D1ACD654F95","4613CD7B99440B73F9C72A55","C4DC2CA1A5A213FB548AA23B","A59FEF3F80B294E1CDCDC1BC","26F2D6B7180D656CF49983A5","8C6E39A0F9E56CD1EC9257EB","7FB2A48C3670368EDF696698","34FA297A5B5140CA6062F309","B232E68070B9D87F8499AA2C","105F3C78826CA7B560E384A2","B2EB2B22882AF0FBE5C681B3","01BB140433D274579B0E934D","C80F50B40A63029D8EDA07F4","F45D8BA38B13E2873ABB4F6E","A58184BF54F28F1DABEA99A1","2E56226E6108F045C5DDCC6D","79A9103969021DFE95FEAC98","FBF0B8705DC9367B4E818CA9","F8515861B90246DCFA60FDFA","F4A4329B68AD3931F126A10F","C2523FE80F9F838FCC7B3B58","D07676E83F9C09C5258C263C","8C98D6EF87D47BE061AD3FCF","6356D197076FB0D8498FBA0C","57B8BE1D0F0572B9A119D376","BF44AE2359B315C9E3E24D42","930AF3144A20C5F245202519","70B60559C4F02D647DB559CA","60C72F95CEC2878AE157EDB7","2B6F16D0EDD44BE054C8C750","7D8E2417FFCF1B1C9593F781","530B0C9BCF206BC63417DB57","1A5AA0E75E8024458D0ACF51","162547B1BF8B743478294FEC","DF2F071A2213CA968AAF75E4","2196E3F5A4115D1C39E37787","60556EA224D8F6C74562DC82","87D805AE64A55BC39E259614","5AC739F4B122378B743D9610","C3F248CC5A3C563538F1B624","EE054AC8FEC547E2ABD22B91","95792D1384F3B0FC43B65A37","94E75F5F0EAAFB98326E06A9","28CFE7748D340FC213F36D0D","092E7FA59A79316BD0C9A97F","5BE4A07263064BA9906A2B15","E6329DECEAE34B728E52C83A","41608348E6304F1EB94F2C66","5B7A9C1CF1AC4429A3629E2E","7C5226B10F6C45138F772DC7","8F7D1A08D6E7489E96B6A7C0","4B133BAD3ABB4D2EAFADD35B","AC1B17C621284AA68194E630","2E6D7CE6056F427A945E2A93","DD4005E8120044508CDA2A23","4517F2A4C44C48C08241B05B","D9E20264F7914C39BE22CAEB","40123E71C4804D5A93D0EE08", "4451EA27691E4ABABCA45FED", "7B1B74AA59434C6CADA577FA", "CC73C85CF02E43AD8E94EB86", "706B23E164274B8386BD5368", "8CFF494A7F154CA2877E0BB7", "B82D738306D14B60829F4F51", "8C0BFC98BEC744B6A2CBBB86", "7F98434E7ECE48D3883029F3", ); runOnlyForDeploymentPostprocessing = "0"; }; DF2F071A2213CA968AAF75E4 = {isa = "PBXBuildFile"; fileRef = "321D0EEA04AC2FE6244F271F"; }; 1340C8B27FD40913FFDE428D = {isa = "PBXBuildFile"; fileRef = "35E7B75DAB39B70D3268AFB1"; }; B40DAA6DA6BB47EB538370AA = {isa = "PBXBuildFile"; fileRef = "744AA1BA99330FB55DFA83DC"; }; 1CDBF884464D4E4FC82E1BB3 = {path = "AppleStoryLocationProvider.swift"; isa = "PBXFileReference"; lastKnownFileType = "sourcecode.swift"; sourceTree = "<group>"; }; 2E56226E6108F045C5DDCC6D = {isa = "PBXBuildFile"; fileRef = "51D9151D403DB2AEEFB34C3D"; }; B28B7AF69320201D1CF206EB = {isa = "PBXGroup"; sourceTree = "<group>"; children = ("AB318DA9416FA64BB6CD5617","39ADEBEA8921CDE95AD01F11","FBDC4F23F93125BBEEAE800C",); }; 321D0EEA04AC2FE6244F271F = {path = "LanguageTermsViewModel.swift"; isa = "PBXFileReference"; lastKnownFileType = "sourcecode.swift"; sourceTree = "<group>"; }; 822DB11ED83B109A718D4F8D = {path = "CommunityAuthors.swift"; isa = "PBXFileReference"; lastKnownFileType = "sourcecode.swift"; sourceTree = "<group>"; }; 6356D197076FB0D8498FBA0C = {isa = "PBXBuildFile"; fileRef = "8725944FE9A48791FC8A1B02"; }; AFEC2F2A7E0A53F19A7A3D58 = {path = "PaywallView.swift"; isa = "PBXFileReference"; lastKnownFileType = "sourcecode.swift"; sourceTree = "<group>"; }; 9D1E69965F872B161C9D2A2E = {path = "Practice"; isa = "PBXGroup"; sourceTree = "<group>"; children = ("F6BC690D9F0CFAF0D7119287",); }; FEDA66EEE66264CF52DCFEEC = {path = "CuentivaApp.swift"; isa = "PBXFileReference"; lastKnownFileType = "sourcecode.swift"; sourceTree = "<group>"; }; 3B80772A92DBE3C746B417BD = {path = "Purchases"; isa = "PBXGroup"; children = ("D69E80372C9970B5698437AD",); sourceTree = "<group>"; }; 7561BFB015D8F536760CB671 = {isa = "PBXFrameworksBuildPhase"; buildActionMask = "2147483647"; files = (); runOnlyForDeploymentPostprocessing = "0"; }; 64BCB755386F844C96A2A5B0 = {productType = "com.apple.product-type.bundle.unit-test"; productReference = "E05FCB614AB36FDEE72EE1F2"; buildConfigurationList = "61AF5D6BEA2D148C6F2833BF"; productName = "CuentivaTests"; isa = "PBXNativeTarget"; buildPhases = ("6E431EB0650617AA1756B320","1ABF84E55BD30AC2CEF8FC42",); dependencies = ("DE58E2B17C19600779694943",); name = "CuentivaTests"; buildRules = (); }; F4A4329B68AD3931F126A10F = {isa = "PBXBuildFile"; fileRef = "CFFE7E8DBAC7799D7EA06042"; }; 6E3AE7A6A857153549E7668E = {path = "ThemeManager.swift"; isa = "PBXFileReference"; lastKnownFileType = "sourcecode.swift"; sourceTree = "<group>"; }; F1B8304417E39AB52C7C9D63 = {path = "Library"; isa = "PBXGroup"; children = ("2E1066F75715080804DE5803","D31254E899EA311873CC5591","DE956DE4CE19792E80EAA0FE",); sourceTree = "<group>"; }; 8818831172B3535FD392A204 = {path = "AuthorViewModel.swift"; isa = "PBXFileReference"; lastKnownFileType = "sourcecode.swift"; sourceTree = "<group>"; }; E2DEB3433C4D8CD26C00907C = {path = "HomeView.swift"; isa = "PBXFileReference"; lastKnownFileType = "sourcecode.swift"; sourceTree = "<group>"; }; 432D7CF1733771C78DFAAC9E = {path = "Books.json"; isa = "PBXFileReference"; lastKnownFileType = "text.json"; sourceTree = "<group>"; }; 1FF75C81AE4E5380C32AD715 = {isa = "XCBuildConfiguration"; buildSettings = {MARKETING_VERSION = "0.1"; INFOPLIST_KEY_NSLocationWhenInUseUsageDescription = "Find stories set near your current location. Your browsing location is not saved."; DEVELOPMENT_TEAM = "LW4V9MRNCX"; CURRENT_PROJECT_VERSION = "1"; PRODUCT_BUNDLE_IDENTIFIER = "com.3DaysOfSwiftConcurrency.Cuentiva"; INFOPLIST_KEY_CFBundleDisplayName = "Cuentiva"; SWIFT_ACTIVE_COMPILATION_CONDITIONS = "DEBUG"; DEBUG_INFORMATION_FORMAT = "dwarf"; TARGETED_DEVICE_FAMILY = "1,2"; CODE_SIGN_STYLE = "Automatic"; INFOPLIST_KEY_UILaunchStoryboardName = "LaunchScreen"; INFOPLIST_KEY_UIRequiresFullScreen = "YES"; SWIFT_OPTIMIZATION_LEVEL = "-Onone"; ASSETCATALOG_COMPILER_APPICON_NAME = "AppIcon"; ENABLE_TESTABILITY = "YES"; LD_RUNPATH_SEARCH_PATHS = ("$(inherited)","@executable_path/Frameworks",); PRODUCT_NAME = "$(TARGET_NAME)"; INFOPLIST_KEY_NSSpeechRecognitionUsageDescription = "Compare your spoken Spanish with the story sentence using on-device recognition."; INFOPLIST_KEY_UISupportedInterfaceOrientations = "UIInterfaceOrientationPortrait"; INFOPLIST_KEY_NSMicrophoneUsageDescription = "Practice Spanish aloud. Audio is processed on device and is not saved."; INFOPLIST_KEY_UIApplicationSceneManifest_Generation = "YES"; GENERATE_INFOPLIST_FILE = "YES"; }; name = "Debug"; }; 106F8ADA973BDE6248BF4D42 = {path = "Repositories.swift"; isa = "PBXFileReference"; lastKnownFileType = "sourcecode.swift"; sourceTree = "<group>"; }; 34FA297A5B5140CA6062F309 = {isa = "PBXBuildFile"; fileRef = "106F8ADA973BDE6248BF4D42"; }; B4AA3D3ECDB7E172EC8398F0 = {isa = "PBXBuildFile"; fileRef = "086B23D461E8851C30FA2B85"; }; A199CE37A058C4F40295FF86 = {path = "OnboardingViewModel.swift"; isa = "PBXFileReference"; lastKnownFileType = "sourcecode.swift"; sourceTree = "<group>"; }; 862894B703A6DEDF96A9DD6C = {isa = "XCConfigurationList"; defaultConfigurationIsVisible = "0"; defaultConfigurationName = "Release"; buildConfigurations = ("89E1FD6268CC0F221A2BE178","E6DE6C99132752C914FEF632",); }; FBF0B8705DC9367B4E818CA9 = {isa = "PBXBuildFile"; fileRef = "7A12102DC4C66B23219F4943"; }; 47DB7F130067D02A233DF79F = {isa = "PBXBuildFile"; fileRef = "D00399A4A1C9C22959122F73"; }; 32BE69DEDEFE4FAB7A953856 = {path = "OnboardingView.swift"; isa = "PBXFileReference"; lastKnownFileType = "sourcecode.swift"; sourceTree = "<group>"; }; 87D805AE64A55BC39E259614 = {isa = "PBXBuildFile"; fileRef = "421A55B07F6CC2B9154FDC38"; }; 7D8E2417FFCF1B1C9593F781 = {isa = "PBXBuildFile"; fileRef = "31489201B855BC45A3D38FE2"; }; 8159903C3550F7BEB8CFAE78 = {isa = "PBXBuildFile"; fileRef = "3E19A16796FEB42A168EBAB9"; }; 2B70827F8DD01F1410EC5834 = {path = "Theme"; isa = "PBXGroup"; children = ("E5A68C6ACC2C1610F3647BC5","6E3AE7A6A857153549E7668E","395D9719D8F1C59D2158B63A",); sourceTree = "<group>"; }; C80F50B40A63029D8EDA07F4 = {isa = "PBXBuildFile"; fileRef = "942BE8E55C05A3BFE84346CA"; }; 35E7B75DAB39B70D3268AFB1 = {path = "CompletionViewModel.swift"; isa = "PBXFileReference"; lastKnownFileType = "sourcecode.swift"; sourceTree = "<group>"; }; 2E1066F75715080804DE5803 = {path = "Book.swift"; isa = "PBXFileReference"; lastKnownFileType = "sourcecode.swift"; sourceTree = "<group>"; }; 71955E4954C8E1E4614DA0AE = {path = "TopicRequest.swift"; isa = "PBXFileReference"; lastKnownFileType = "sourcecode.swift"; sourceTree = "<group>"; }; 60556EA224D8F6C74562DC82 = {isa = "PBXBuildFile"; fileRef = "3291B91388947EB0E484471D"; }; CAEE9D7E60E036798C4EDDE6 = {isa = "PBXBuildFile"; fileRef = "DD3A948B8C943C65605BBD56"; }; 69314C8201335F9E8B2CCD65 = {path = "AuthorView.swift"; isa = "PBXFileReference"; lastKnownFileType = "sourcecode.swift"; sourceTree = "<group>"; }; 18799BC49755CA6C411C5E56 = {path = "ProgressManager.swift"; isa = "PBXFileReference"; lastKnownFileType = "sourcecode.swift"; sourceTree = "<group>"; }; 395D9719D8F1C59D2158B63A = {path = "PrimaryButton.swift"; isa = "PBXFileReference"; lastKnownFileType = "sourcecode.swift"; sourceTree = "<group>"; }; C3F248CC5A3C563538F1B624 = {isa = "PBXBuildFile"; fileRef = "DE956DE4CE19792E80EAA0FE"; }; 4B2B51E3124ADD6F9ECBBE36 = {path = "Views"; isa = "PBXGroup"; children = ("944580C54A67759EC45ADA89","887FD7E2DF404F2F32DC2D0F","5846139E38AEBE7E6A204CE0","7EABD88A97D24405A384868E","EC29774D6D957C27902DA421","61D9ABF92E3290558BE7C436","5C033F6B14C19D2A3DE13C71","AEDE0E3F4EED51CADF059F35","52EA809FA716955E30239F20","E06BDAB0E38332790CACB097","470A3E66D32B4677134800B8","9C60D08073363F26AEA12AC2","BD013F0729BFB73981FF040D","8530F41895BFC35BE1E70C43","BB7C8E8B386F68F1F9E7A48C","83770289D11A7C935273FA25","AB1BB99D5C034A6599B8B231","904546A4D2C04350B5FBA471","A003516147AD429EAE557499", ); sourceTree = "<group>"; }; B1F7AEC5671E04AFD76E49B4 = {path = "ContributionManager.swift"; isa = "PBXFileReference"; lastKnownFileType = "sourcecode.swift"; sourceTree = "<group>"; }; B232E68070B9D87F8499AA2C = {isa = "PBXBuildFile"; fileRef = "6E3AE7A6A857153549E7668E"; }; 887FD7E2DF404F2F32DC2D0F = {path = "Completion"; isa = "PBXGroup"; children = ("423D38BB630D5933148F295C","35E7B75DAB39B70D3268AFB1",); sourceTree = "<group>"; }; F45D8BA38B13E2873ABB4F6E = {isa = "PBXBuildFile"; fileRef = "9AF7B93AD2EE649A451C47C2"; }; 406F5BE2CDB8EAF297D11F5C = {path = "Audio"; isa = "PBXGroup"; children = ("5C52576352316C613A3C6405",); sourceTree = "<group>"; }; 1887BE5BF09CDC02E753642C = {isa = "PBXBuildFile"; fileRef = "E5A68C6ACC2C1610F3647BC5"; }; 7EABD88A97D24405A384868E = {path = "Contribution"; isa = "PBXGroup"; children = ("A5718B5E566B9BACA6298699","744AA1BA99330FB55DFA83DC","CFFE7E8DBAC7799D7EA06042","939A8FEBAF0EDC87C1644DAD",); sourceTree = "<group>"; }; C2523FE80F9F838FCC7B3B58 = {isa = "PBXBuildFile"; fileRef = "939A8FEBAF0EDC87C1644DAD"; }; 930AF3144A20C5F245202519 = {isa = "PBXBuildFile"; fileRef = "154841472DB05B221E89694E"; }; 0F3D67935A4F199E058A017A = {isa = "XCBuildConfiguration"; buildSettings = {GENERATE_INFOPLIST_FILE = "YES"; SWIFT_ACTIVE_COMPILATION_CONDITIONS = "DEBUG"; DEBUG_INFORMATION_FORMAT = "dwarf"; TEST_HOST = "$(BUILT_PRODUCTS_DIR)/Cuentiva.app/$(BUNDLE_EXECUTABLE_FOLDER_PATH)/Cuentiva"; PRODUCT_BUNDLE_IDENTIFIER = "com.3DaysOfSwiftConcurrency.Cuentiva.CuentivaTests"; CODE_SIGN_STYLE = "Automatic"; SWIFT_OPTIMIZATION_LEVEL = "-Onone"; ENABLE_TESTABILITY = "YES"; BUNDLE_LOADER = "$(TEST_HOST)"; PRODUCT_NAME = "$(TARGET_NAME)"; TARGETED_DEVICE_FAMILY = "1,2"; }; name = "Debug"; }; 4613CD7B99440B73F9C72A55 = {isa = "PBXBuildFile"; fileRef = "2E1066F75715080804DE5803"; }; D31254E899EA311873CC5591 = {path = "LibraryManager.swift"; isa = "PBXFileReference"; lastKnownFileType = "sourcecode.swift"; sourceTree = "<group>"; }; 421A55B07F6CC2B9154FDC38 = {path = "VocabularyView.swift"; isa = "PBXFileReference"; lastKnownFileType = "sourcecode.swift"; sourceTree = "<group>"; }; 1ABF84E55BD30AC2CEF8FC42 = {isa = "PBXFrameworksBuildPhase"; buildActionMask = "2147483647"; files = (); runOnlyForDeploymentPostprocessing = "0"; }; A5718B5E566B9BACA6298699 = {path = "ContributionView.swift"; isa = "PBXFileReference"; lastKnownFileType = "sourcecode.swift"; sourceTree = "<group>"; }; EC29774D6D957C27902DA421 = {path = "Home"; isa = "PBXGroup"; children = ("E2DEB3433C4D8CD26C00907C","0584177BD1045C9A97E03353",); sourceTree = "<group>"; }; 2D957DF119F3EFA0A7C0A52C = {isa = "PBXBuildFile"; fileRef = "5C52576352316C613A3C6405"; }; 748CE711EFE7D919B33B7A18 = {path = "PracticeViewModel.swift"; isa = "PBXFileReference"; lastKnownFileType = "sourcecode.swift"; sourceTree = "<group>"; }; CD2F5CB27FBD9F65A7515DDD = {path = "LanguageTermDetailView.swift"; isa = "PBXFileReference"; lastKnownFileType = "sourcecode.swift"; sourceTree = "<group>"; }; 6D7060F7C76602130EAF7857 = {isa = "PBXBuildFile"; fileRef = "AFEC2F2A7E0A53F19A7A3D58"; }; FAE881B82542A25F44392FE3 = {path = "ScriptDialogueRow.swift"; isa = "PBXFileReference"; lastKnownFileType = "sourcecode.swift"; sourceTree = "<group>"; }; 0189424A5A60FED329FA868E = {isa = "PBXResourcesBuildPhase"; buildActionMask = "2147483647"; files = ("255ABBB105F25A56F02B8BAF","70383857801EB3BE559F581E","7FEE17085A526D31C36F2BB4","1F1782310977A7B3A6CCDCA3",); runOnlyForDeploymentPostprocessing = "0"; }; BD704067A588860EED576B12 = {path = "AuthorPortrait.swift"; isa = "PBXFileReference"; lastKnownFileType = "sourcecode.swift"; sourceTree = "<group>"; }; 70B60559C4F02D647DB559CA = {isa = "PBXBuildFile"; fileRef = "F6BC690D9F0CFAF0D7119287"; }; 258DC6C961F8CAA5DDC21289 = {path = "PracticeView.swift"; isa = "PBXFileReference"; lastKnownFileType = "sourcecode.swift"; sourceTree = "<group>"; }; BD013F0729BFB73981FF040D = {path = "Practice"; isa = "PBXGroup"; sourceTree = "<group>"; children = ("258DC6C961F8CAA5DDC21289","748CE711EFE7D919B33B7A18",); }; A59FEF3F80B294E1CDCDC1BC = {isa = "PBXBuildFile"; fileRef = "B5DA4638FF9F9A10560C6EFD"; }; 162547B1BF8B743478294FEC = {isa = "PBXBuildFile"; fileRef = "4415DE1DB188986A88E3E023"; }; 5C033F6B14C19D2A3DE13C71 = {path = "Onboarding"; isa = "PBXGroup"; children = ("32BE69DEDEFE4FAB7A953856","A199CE37A058C4F40295FF86",); sourceTree = "<group>"; }; DE956DE4CE19792E80EAA0FE = {path = "Author.swift"; isa = "PBXFileReference"; lastKnownFileType = "sourcecode.swift"; sourceTree = "<group>"; }; 61D9ABF92E3290558BE7C436 = {path = "Lesson"; isa = "PBXGroup"; children = ("734A659B6A2F3267B4D99EE9","390812B685A815AEE53C1F05",); sourceTree = "<group>"; }; 2388717427E57ED34732DED7 = {isa = "PBXBuildFile"; fileRef = "390812B685A815AEE53C1F05"; }; AAB63B1490F02917DC27FAF0 = {path = "LanguageTermsManager.swift"; isa = "PBXFileReference"; lastKnownFileType = "sourcecode.swift"; sourceTree = "<group>"; }; 40DDF4A082D6630DBD1955EC = {path = "3 - App Resources"; isa = "PBXGroup"; children = ("432D7CF1733771C78DFAAC9E","024C09AE9C4C923058DC9B6C","2721CA1AC4587BDF99F89E71","D835A7AAAA24016ACAAA271E","CD86AD9679537DEDE296F891","7328A6DC021446BB8D700C51", ); sourceTree = "<group>"; }; 94E75F5F0EAAFB98326E06A9 = {isa = "PBXBuildFile"; fileRef = "BD704067A588860EED576B12"; }; 4415DE1DB188986A88E3E023 = {path = "LanguageTermsView.swift"; isa = "PBXFileReference"; lastKnownFileType = "sourcecode.swift"; sourceTree = "<group>"; }; 51D9151D403DB2AEEFB34C3D = {path = "BookReaderViewModel.swift"; isa = "PBXFileReference"; lastKnownFileType = "sourcecode.swift"; sourceTree = "<group>"; }; 8530F41895BFC35BE1E70C43 = {path = "LanguageTerms"; isa = "PBXGroup"; sourceTree = "<group>"; children = ("4415DE1DB188986A88E3E023","321D0EEA04AC2FE6244F271F","CD2F5CB27FBD9F65A7515DDD","3291B91388947EB0E484471D",); }; 7AFE20FCCEB0CC99CF862DE7 = {path = "Contribution"; isa = "PBXGroup"; children = ("B1F7AEC5671E04AFD76E49B4","71955E4954C8E1E4614DA0AE",); sourceTree = "<group>"; }; 1F7273D7942468E499D57A9E = {isa = "PBXBuildFile"; fileRef = "A5718B5E566B9BACA6298699"; }; 1A5AA0E75E8024458D0ACF51 = {isa = "PBXBuildFile"; fileRef = "AAB63B1490F02917DC27FAF0"; }; 2721CA1AC4587BDF99F89E71 = {path = "Cuentiva.storekit"; isa = "PBXFileReference"; lastKnownFileType = "text"; sourceTree = "<group>"; }; C13732C8E715C9BEE4FA51C9 = {productType = "com.apple.product-type.application"; productReference = "BE7E1D0445B8638E9F94D853"; buildConfigurationList = "10F22E9B1C74CB19D5242D9B"; productName = "Cuentiva"; isa = "PBXNativeTarget"; buildPhases = ("BCE16DD0260827ECF338C787","0189424A5A60FED329FA868E","7561BFB015D8F536760CB671",); dependencies = (); name = "Cuentiva"; buildRules = (); }; BF44AE2359B315C9E3E24D42 = {isa = "PBXBuildFile"; fileRef = "8EB11E39034E832137CB74D6"; }; B38A0F702B9FD1C6D4103978 = {isa = "PBXBuildFile"; fileRef = "0584177BD1045C9A97E03353"; }; 98F54143AB4E86B28C3AFEE0 = {buildConfigurationList = "862894B703A6DEDF96A9DD6C"; targets = ("C13732C8E715C9BEE4FA51C9","64BCB755386F844C96A2A5B0",); developmentRegion = "en"; knownRegions = ("en","es","Base",); isa = "PBXProject"; compatibilityVersion = "Xcode 14.0"; productRefGroup = "FBDC4F23F93125BBEEAE800C"; projectDirPath = ""; attributes = {LastUpgradeCheck = "2620"; BuildIndependentTargetsInParallel = "YES"; TargetAttributes = {C13732C8E715C9BEE4FA51C9 = {CreatedOnToolsVersion = "26.2"; }; 64BCB755386F844C96A2A5B0 = {TestTargetID = "C13732C8E715C9BEE4FA51C9"; CreatedOnToolsVersion = "26.2"; }; }; }; hasScannedForEncodings = "0"; projectRoot = ""; mainGroup = "B28B7AF69320201D1CF206EB"; }; 2C1C1D60276D564D61F06A04 = {path = "ViewModelTests.swift"; isa = "PBXFileReference"; lastKnownFileType = "sourcecode.swift"; sourceTree = "<group>"; }; 95792D1384F3B0FC43B65A37 = {isa = "PBXBuildFile"; fileRef = "69314C8201335F9E8B2CCD65"; }; 0584177BD1045C9A97E03353 = {path = "HomeViewModel.swift"; isa = "PBXFileReference"; lastKnownFileType = "sourcecode.swift"; sourceTree = "<group>"; }; 39ADEBEA8921CDE95AD01F11 = {path = "CuentivaTests"; isa = "PBXGroup"; children = ("FB560BA89A69A972CFADF4CE","2C1C1D60276D564D61F06A04","6389486F6DBC46D9878F5544", ); sourceTree = "<group>"; }; 744AA1BA99330FB55DFA83DC = {path = "ContributionViewModel.swift"; isa = "PBXFileReference"; lastKnownFileType = "sourcecode.swift"; sourceTree = "<group>"; }; DE58E2B17C19600779694943 = {isa = "PBXTargetDependency"; target = "C13732C8E715C9BEE4FA51C9"; targetProxy = "D799BAE6088A90139B415FCC"; }; E05FCB614AB36FDEE72EE1F2 = {path = "CuentivaTests.xctest"; isa = "PBXFileReference"; explicitFileType = "wrapper.cfbundle"; sourceTree = "BUILT_PRODUCTS_DIR"; }; DD3A948B8C943C65605BBD56 = {path = "CompletedViewModel.swift"; isa = "PBXFileReference"; lastKnownFileType = "sourcecode.swift"; sourceTree = "<group>"; }; 2196E3F5A4115D1C39E37787 = {isa = "PBXBuildFile"; fileRef = "CD2F5CB27FBD9F65A7515DDD"; }; 7FB2A48C3670368EDF696698 = {isa = "PBXBuildFile"; fileRef = "E50A39939B0BCA7590A7DD9D"; }; EF33E23D94277D86A737ABC3 = {isa = "PBXBuildFile"; fileRef = "B1F7AEC5671E04AFD76E49B4"; }; 5FD40CD303F0DD40EEC13232 = {path = "StreakBar.swift"; isa = "PBXFileReference"; lastKnownFileType = "sourcecode.swift"; sourceTree = "<group>"; }; 5AC739F4B122378B743D9610 = {isa = "PBXBuildFile"; fileRef = "1AB5100D97C88F4E2F051967"; }; AB318DA9416FA64BB6CD5617 = {path = "Cuentiva"; isa = "PBXGroup"; children = ("3DC18F69884912BC869D88BF","BDBE7AE6C2A3F552BD99F64B","40DDF4A082D6630DBD1955EC",); sourceTree = "<group>"; }; 89E1FD6268CC0F221A2BE178 = {isa = "XCBuildConfiguration"; buildSettings = {SWIFT_ACTIVE_COMPILATION_CONDITIONS = "DEBUG"; CLANG_ENABLE_MODULES = "YES"; IPHONEOS_DEPLOYMENT_TARGET = "26.0"; DEBUG_INFORMATION_FORMAT = "dwarf"; SWIFT_OPTIMIZATION_LEVEL = "-Onone"; SDKROOT = "iphoneos"; SWIFT_VERSION = "6.0"; ENABLE_TESTABILITY = "YES"; SWIFT_STRICT_CONCURRENCY = "complete"; }; name = "Debug"; }; B06206F2AAEC3E75C63A5F4B = {isa = "PBXBuildFile"; fileRef = "E36F801856AABF3D333719F6"; }; 7A12102DC4C66B23219F4943 = {path = "StoryParagraphRow.swift"; isa = "PBXFileReference"; lastKnownFileType = "sourcecode.swift"; sourceTree = "<group>"; }; 390812B685A815AEE53C1F05 = {path = "LessonViewModel.swift"; isa = "PBXFileReference"; lastKnownFileType = "sourcecode.swift"; sourceTree = "<group>"; }; 5846139E38AEBE7E6A204CE0 = {path = "Components"; isa = "PBXGroup"; children = ("5329B87740778AE2D04BB357","5FD40CD303F0DD40EEC13232","0FE1BEB6017044EEC7F4F85E","942BE8E55C05A3BFE84346CA","9AF7B93AD2EE649A451C47C2","BD704067A588860EED576B12","822DB11ED83B109A718D4F8D","6C728DAD2B3A4ED8AF3A423B",); sourceTree = "<group>"; }; 942BE8E55C05A3BFE84346CA = {path = "ConfettiBurst.swift"; isa = "PBXFileReference"; lastKnownFileType = "sourcecode.swift"; sourceTree = "<group>"; }; 6B7D39D4036378B051155341 = {path = "Protocols"; isa = "PBXGroup"; children = ("106F8ADA973BDE6248BF4D42",); sourceTree = "<group>"; }; 2B6F16D0EDD44BE054C8C750 = {isa = "PBXBuildFile"; fileRef = "748CE711EFE7D919B33B7A18"; }; 5329B87740778AE2D04BB357 = {path = "BookCover.swift"; isa = "PBXFileReference"; lastKnownFileType = "sourcecode.swift"; sourceTree = "<group>"; }; 734A659B6A2F3267B4D99EE9 = {path = "LessonView.swift"; isa = "PBXFileReference"; lastKnownFileType = "sourcecode.swift"; sourceTree = "<group>"; }; 39A2C48687809D1ACD654F95 = {isa = "PBXBuildFile"; fileRef = "182C07F2F5B237D30D009E0D"; }; CFFE7E8DBAC7799D7EA06042 = {path = "TopicRequestBoard.swift"; isa = "PBXFileReference"; lastKnownFileType = "sourcecode.swift"; sourceTree = "<group>"; }; 79A9103969021DFE95FEAC98 = {isa = "PBXBuildFile"; fileRef = "FAE881B82542A25F44392FE3"; }; 31489201B855BC45A3D38FE2 = {path = "LibrarySkeletonView.swift"; isa = "PBXFileReference"; lastKnownFileType = "sourcecode.swift"; sourceTree = "<group>"; }; 044E6D5FCEBFE0CB144DFB21 = {isa = "PBXBuildFile"; fileRef = "423D38BB630D5933148F295C"; }; 61AF5D6BEA2D148C6F2833BF = {isa = "XCConfigurationList"; defaultConfigurationIsVisible = "0"; defaultConfigurationName = "Release"; buildConfigurations = ("0F3D67935A4F199E058A017A","20B70E15FDC36C625E57F658",); }; BE7E1D0445B8638E9F94D853 = {path = "Cuentiva.app"; isa = "PBXFileReference"; explicitFileType = "wrapper.application"; sourceTree = "BUILT_PRODUCTS_DIR"; }; D799BAE6088A90139B415FCC = {isa = "PBXContainerItemProxy"; containerPortal = "98F54143AB4E86B28C3AFEE0"; remoteGlobalIDString = "C13732C8E715C9BEE4FA51C9"; remoteInfo = "Cuentiva"; proxyType = "1"; }; 710F298B72903C06E9ECD1A3 = {path = "Nearby"; isa = "PBXGroup"; sourceTree = "<group>"; children = ("0CD5AE98F9FE3CAAEEB93DCD","8725944FE9A48791FC8A1B02","1CDBF884464D4E4FC82E1BB3",); }; 406F4E62731E70B13D10AC5B = {isa = "PBXBuildFile"; fileRef = "970B6A88532FC74DF12006A6"; }; FA87BFFCFF7705C265A17640 = {path = "SettingsViewModel.swift"; isa = "PBXFileReference"; lastKnownFileType = "sourcecode.swift"; sourceTree = "<group>"; }; 7840A82AB8F3F5593D0C6763 = {isa = "PBXBuildFile"; fileRef = "E2DEB3433C4D8CD26C00907C"; }; 024C09AE9C4C923058DC9B6C = {path = "PrivacyInfo.xcprivacy"; isa = "PBXFileReference"; lastKnownFileType = "text.xml"; sourceTree = "<group>"; }; AA17D92A9DE96BC97669730A = {path = "LocalTopicRequestRepository.swift"; isa = "PBXFileReference"; lastKnownFileType = "sourcecode.swift"; sourceTree = "<group>"; }; 3291B91388947EB0E484471D = {path = "LanguageTermDetailViewModel.swift"; isa = "PBXFileReference"; lastKnownFileType = "sourcecode.swift"; sourceTree = "<group>"; }; F8515861B90246DCFA60FDFA = {isa = "PBXBuildFile"; fileRef = "71955E4954C8E1E4614DA0AE"; }; DE4EACA2E863DB5C048CEA1A = {path = "User Data Storage"; isa = "PBXGroup"; children = ("B310CBD0E45EBC1B730B579C","6B7D39D4036378B051155341","2447A48FB1C8FFCFF6DACFFB",); sourceTree = "<group>"; }; E8EDD9B19EE1F4EF5D227F92 = {isa = "PBXBuildFile"; fileRef = "32BE69DEDEFE4FAB7A953856"; }; DD3DADD05BB5902B94987962 = {isa = "PBXBuildFile"; fileRef = "FEDA66EEE66264CF52DCFEEC"; }; 5E658B677197724D8CCE5EED = {isa = "PBXBuildFile"; fileRef = "A199CE37A058C4F40295FF86"; }; 0FE1BEB6017044EEC7F4F85E = {path = "InlineError.swift"; isa = "PBXFileReference"; lastKnownFileType = "sourcecode.swift"; sourceTree = "<group>"; }; 154841472DB05B221E89694E = {path = "NearbyViewModel.swift"; isa = "PBXFileReference"; lastKnownFileType = "sourcecode.swift"; sourceTree = "<group>"; }; 7708F0D356BD61ACFB25AB35 = {isa = "PBXBuildFile"; fileRef = "B5A9EF7A4B583713A0D2027E"; }; B5A9EF7A4B583713A0D2027E = {path = "SettingsView.swift"; isa = "PBXFileReference"; lastKnownFileType = "sourcecode.swift"; sourceTree = "<group>"; }; 6E431EB0650617AA1756B320 = {isa = "PBXSourcesBuildPhase"; buildActionMask = "2147483647"; files = ("3ECD61B76E658B462CAC1C61","8C532881C594DD55DD6C6C62","35B0E9885F5544AABBB439FC", ); runOnlyForDeploymentPostprocessing = "0"; }; E36F801856AABF3D333719F6 = {path = "RootViewModel.swift"; isa = "PBXFileReference"; lastKnownFileType = "sourcecode.swift"; sourceTree = "<group>"; }; 8C98D6EF87D47BE061AD3FCF = {isa = "PBXBuildFile"; fileRef = "0CD5AE98F9FE3CAAEEB93DCD"; }; 8C6E39A0F9E56CD1EC9257EB = {isa = "PBXBuildFile"; fileRef = "D69E80372C9970B5698437AD"; }; 9AF7B93AD2EE649A451C47C2 = {path = "LibraryControls.swift"; isa = "PBXFileReference"; lastKnownFileType = "sourcecode.swift"; sourceTree = "<group>"; }; CD86AD9679537DEDE296F891 = {path = "LaunchScreen.storyboard"; isa = "PBXFileReference"; lastKnownFileType = "file.storyboard"; sourceTree = "<group>"; }; 7FEE17085A526D31C36F2BB4 = {isa = "PBXBuildFile"; fileRef = "D835A7AAAA24016ACAAA271E"; }; 1F1782310977A7B3A6CCDCA3 = {isa = "PBXBuildFile"; fileRef = "CD86AD9679537DEDE296F891"; }; 3DC18F69884912BC869D88BF = {path = "1 - View"; isa = "PBXGroup"; children = ("FEDA66EEE66264CF52DCFEEC","2B70827F8DD01F1410EC5834","4B2B51E3124ADD6F9ECBBE36",); sourceTree = "<group>"; }; D00399A4A1C9C22959122F73 = {path = "PaywallViewModel.swift"; isa = "PBXFileReference"; lastKnownFileType = "sourcecode.swift"; sourceTree = "<group>"; }; 939A8FEBAF0EDC87C1644DAD = {path = "TopicTeachingBrief.swift"; isa = "PBXFileReference"; lastKnownFileType = "sourcecode.swift"; sourceTree = "<group>"; }; 60C72F95CEC2878AE157EDB7 = {isa = "PBXBuildFile"; fileRef = "258DC6C961F8CAA5DDC21289"; }; 01BB140433D274579B0E934D = {isa = "PBXBuildFile"; fileRef = "0FE1BEB6017044EEC7F4F85E"; }; 182C07F2F5B237D30D009E0D = {path = "WordComparison.swift"; isa = "PBXFileReference"; lastKnownFileType = "sourcecode.swift"; sourceTree = "<group>"; }; 26F2D6B7180D656CF49983A5 = {isa = "PBXBuildFile"; fileRef = "18799BC49755CA6C411C5E56"; }; 157D28D345E8DC4D4A4E49C3 = {isa = "PBXBuildFile"; fileRef = "734A659B6A2F3267B4D99EE9"; }; D07676E83F9C09C5258C263C = {isa = "PBXBuildFile"; fileRef = "AA17D92A9DE96BC97669730A"; }; FAF1F7B88E6CFD40636811A9 = {path = "LanguageTerm.swift"; isa = "PBXFileReference"; lastKnownFileType = "sourcecode.swift"; sourceTree = "<group>"; }; 57B8BE1D0F0572B9A119D376 = {isa = "PBXBuildFile"; fileRef = "1CDBF884464D4E4FC82E1BB3"; }; 10F22E9B1C74CB19D5242D9B = {isa = "XCConfigurationList"; defaultConfigurationIsVisible = "0"; defaultConfigurationName = "Release"; buildConfigurations = ("1FF75C81AE4E5380C32AD715","180073E370966163BFFC2B65",); }; 8C532881C594DD55DD6C6C62 = {isa = "PBXBuildFile"; fileRef = "2C1C1D60276D564D61F06A04"; }; 70383857801EB3BE559F581E = {isa = "PBXBuildFile"; fileRef = "024C09AE9C4C923058DC9B6C"; }; E6DE6C99132752C914FEF632 = {isa = "XCBuildConfiguration"; buildSettings = {CLANG_ENABLE_MODULES = "YES"; IPHONEOS_DEPLOYMENT_TARGET = "26.0"; DEBUG_INFORMATION_FORMAT = "dwarf-with-dsym"; SWIFT_OPTIMIZATION_LEVEL = "-O"; SDKROOT = "iphoneos"; SWIFT_VERSION = "6.0"; SWIFT_STRICT_CONCURRENCY = "complete"; }; name = "Release"; }; 9C60D08073363F26AEA12AC2 = {path = "Nearby"; isa = "PBXGroup"; sourceTree = "<group>"; children = ("8EB11E39034E832137CB74D6","154841472DB05B221E89694E",); }; 5C52576352316C613A3C6405 = {path = "AppleLessonAudio.swift"; isa = "PBXFileReference"; lastKnownFileType = "sourcecode.swift"; sourceTree = "<group>"; }; F6BC690D9F0CFAF0D7119287 = {path = "PracticeManager.swift"; isa = "PBXFileReference"; lastKnownFileType = "sourcecode.swift"; sourceTree = "<group>"; }; EE054AC8FEC547E2ABD22B91 = {isa = "PBXBuildFile"; fileRef = "8818831172B3535FD392A204"; }; 255ABBB105F25A56F02B8BAF = {isa = "PBXBuildFile"; fileRef = "432D7CF1733771C78DFAAC9E"; }; 2447A48FB1C8FFCFF6DACFFB = {isa = "PBXGroup"; path = "Remote"; sourceTree = "<group>"; children = ("AAB8D13F6FCF24AD590C8DF2",); }; AAB8D13F6FCF24AD590C8DF2 = {isa = "PBXFileReference"; lastKnownFileType = "sourcecode.swift"; path = "SyncedBookRepository.swift"; sourceTree = "<group>"; }; 092E7FA59A79316BD0C9A97F = {isa = "PBXBuildFile"; fileRef = "AAB8D13F6FCF24AD590C8DF2"; }; }; rootObject = "98F54143AB4E86B28C3AFEE0"; }
